// !$*UTF8*$!
{
	archiveVersion = 1;
	classes = {
	};
	objectVersion = 51;
	objects = {

/* Begin PBXBuildFile section */
		5A5656D4AECA8F4D933276FF /* Pods_FlickerSearch.framework in Frameworks */ = {isa = PBXBuildFile; fileRef = D2AD06F9FC05A4853D8AFCB7 /* Pods_FlickerSearch.framework */; };
		6E0CDB3324C49543002B096E /* Photo+CoreDataClass.swift in Sources */ = {isa = PBXBuildFile; fileRef = 6E0CDB3224C49543002B096E /* Photo+CoreDataClass.swift */; };
		6E0CDB3624C4973C002B096E /* Photo+CoreDataProperties.swift in Sources */ = {isa = PBXBuildFile; fileRef = 6E0CDB3524C4973C002B096E /* Photo+CoreDataProperties.swift */; };
		6E0CDB3824C49D32002B096E /* PhotosRemoteDataStore.swift in Sources */ = {isa = PBXBuildFile; fileRef = 6E0CDB3724C49D32002B096E /* PhotosRemoteDataStore.swift */; };
		6E0CDB3B24C49D64002B096E /* Networking.swift in Sources */ = {isa = PBXBuildFile; fileRef = 6E0CDB3A24C49D64002B096E /* Networking.swift */; };
		6E0CDB3D24C49DF0002B096E /* NetworkManager.swift in Sources */ = {isa = PBXBuildFile; fileRef = 6E0CDB3C24C49DF0002B096E /* NetworkManager.swift */; };
		6E0CDB4024C4A924002B096E /* Constants.swift in Sources */ = {isa = PBXBuildFile; fileRef = 6E0CDB3F24C4A924002B096E /* Constants.swift */; };
		6E0CDB4324C4AA04002B096E /* PhotosRepository.swift in Sources */ = {isa = PBXBuildFile; fileRef = 6E0CDB4224C4AA04002B096E /* PhotosRepository.swift */; };
		6E0CDB4624C4AD6F002B096E /* PhotosService.swift in Sources */ = {isa = PBXBuildFile; fileRef = 6E0CDB4524C4AD6F002B096E /* PhotosService.swift */; };
		6E0CDB4824C4B4D2002B096E /* PhotosListViewModel.swift in Sources */ = {isa = PBXBuildFile; fileRef = 6E0CDB4724C4B4D2002B096E /* PhotosListViewModel.swift */; };
		6E0CDB4C24C4BA55002B096E /* UIScrollView+Extensions.swift in Sources */ = {isa = PBXBuildFile; fileRef = 6E0CDB4B24C4BA55002B096E /* UIScrollView+Extensions.swift */; };
		6E2CA30924C878310003DA3B /* PhotoList.geojson in Resources */ = {isa = PBXBuildFile; fileRef = 6E2CA30824C878300003DA3B /* PhotoList.geojson */; };
		6E2CA30B24C879020003DA3B /* PhotoListTests.swift in Sources */ = {isa = PBXBuildFile; fileRef = 6E2CA30A24C879020003DA3B /* PhotoListTests.swift */; };
		6E3E96D424C63B0F00AFDB7E /* FlickerPhoto.swift in Sources */ = {isa = PBXBuildFile; fileRef = 6E3E96D324C63B0F00AFDB7E /* FlickerPhoto.swift */; };
		6E485C9324C18F7B0004A099 /* Storyboard+Extensions.swift in Sources */ = {isa = PBXBuildFile; fileRef = 6E485C9224C18F7B0004A099 /* Storyboard+Extensions.swift */; };
		6E485C9524C18F8A0004A099 /* UICollectionView+Extension.swift in Sources */ = {isa = PBXBuildFile; fileRef = 6E485C9424C18F8A0004A099 /* UICollectionView+Extension.swift */; };
		6E485C9724C18F950004A099 /* UIKitReuseIdentifier+Extension.swift in Sources */ = {isa = PBXBuildFile; fileRef = 6E485C9624C18F940004A099 /* UIKitReuseIdentifier+Extension.swift */; };
		6E485C9924C18FB20004A099 /* UIFont+Extension.swift in Sources */ = {isa = PBXBuildFile; fileRef = 6E485C9824C18FB20004A099 /* UIFont+Extension.swift */; };
		6E485C9B24C18FBE0004A099 /* AlertPresentable+Extension.swift in Sources */ = {isa = PBXBuildFile; fileRef = 6E485C9A24C18FBE0004A099 /* AlertPresentable+Extension.swift */; };
		6E485C9D24C18FCA0004A099 /* NibLoadableView.swift in Sources */ = {isa = PBXBuildFile; fileRef = 6E485C9C24C18FCA0004A099 /* NibLoadableView.swift */; };
		6E485C9F24C18FDB0004A099 /* UIViewController+Extension.swift in Sources */ = {isa = PBXBuildFile; fileRef = 6E485C9E24C18FDB0004A099 /* UIViewController+Extension.swift */; };
		6E485CA324C193B50004A099 /* AppNavigationController.swift in Sources */ = {isa = PBXBuildFile; fileRef = 6E485CA224C193B50004A099 /* AppNavigationController.swift */; };
		6E485CA524C193C20004A099 /* BaseViewController.swift in Sources */ = {isa = PBXBuildFile; fileRef = 6E485CA424C193C20004A099 /* BaseViewController.swift */; };
		6E485CA724C1940E0004A099 /* NoInternetHeaderView.swift in Sources */ = {isa = PBXBuildFile; fileRef = 6E485CA624C1940E0004A099 /* NoInternetHeaderView.swift */; };
		6E485CA924C1942A0004A099 /* NoInternetHeaderView.xib in Resources */ = {isa = PBXBuildFile; fileRef = 6E485CA824C1942A0004A099 /* NoInternetHeaderView.xib */; };
		6E485CAB24C1944C0004A099 /* Reachability.swift in Sources */ = {isa = PBXBuildFile; fileRef = 6E485CAA24C1944C0004A099 /* Reachability.swift */; };
		6E6D351424C853F100005E6C /* MockPhotosRemoteDataStore.swift in Sources */ = {isa = PBXBuildFile; fileRef = 6E6D351324C853F100005E6C /* MockPhotosRemoteDataStore.swift */; };
		6E8F528A24C76CBA002CA531 /* PhotoDetailViewController.swift in Sources */ = {isa = PBXBuildFile; fileRef = 6E8F528924C76CBA002CA531 /* PhotoDetailViewController.swift */; };
		6E8F528C24C7708B002CA531 /* PhotoDetailViewModel.swift in Sources */ = {isa = PBXBuildFile; fileRef = 6E8F528B24C7708B002CA531 /* PhotoDetailViewModel.swift */; };
		6EAAA5E524C0EC7A0067F283 /* AppDelegate.swift in Sources */ = {isa = PBXBuildFile; fileRef = 6EAAA5E424C0EC7A0067F283 /* AppDelegate.swift */; };
		6EAAA5EF24C0EC7A0067F283 /* FlickerSearch.xcdatamodeld in Sources */ = {isa = PBXBuildFile; fileRef = 6EAAA5ED24C0EC7A0067F283 /* FlickerSearch.xcdatamodeld */; };
		6EAAA5F124C0EC7E0067F283 /* Assets.xcassets in Resources */ = {isa = PBXBuildFile; fileRef = 6EAAA5F024C0EC7E0067F283 /* Assets.xcassets */; };
		6EAAA5F424C0EC7E0067F283 /* LaunchScreen.storyboard in Resources */ = {isa = PBXBuildFile; fileRef = 6EAAA5F224C0EC7E0067F283 /* LaunchScreen.storyboard */; };
		6EBEA92C24C4787C005DA753 /* CoreDataManger.swift in Sources */ = {isa = PBXBuildFile; fileRef = 6EBEA92B24C4787C005DA753 /* CoreDataManger.swift */; };
		6EBEA92E24C478A4005DA753 /* Predicate.swift in Sources */ = {isa = PBXBuildFile; fileRef = 6EBEA92D24C478A4005DA753 /* Predicate.swift */; };
		6EBEA93824C47EA5005DA753 /* Photos.storyboard in Resources */ = {isa = PBXBuildFile; fileRef = 6EBEA93724C47EA5005DA753 /* Photos.storyboard */; };
		6EBEA93A24C47EDF005DA753 /* PhotoListViewController.swift in Sources */ = {isa = PBXBuildFile; fileRef = 6EBEA93924C47EDF005DA753 /* PhotoListViewController.swift */; };
		6EBEA93C24C48259005DA753 /* PhotoListNavigator.swift in Sources */ = {isa = PBXBuildFile; fileRef = 6EBEA93B24C48259005DA753 /* PhotoListNavigator.swift */; };
		6EBEA93E24C482B0005DA753 /* PhotoDTO.swift in Sources */ = {isa = PBXBuildFile; fileRef = 6EBEA93D24C482B0005DA753 /* PhotoDTO.swift */; };
		6EBEA94224C484B8005DA753 /* PhotoListCollectionViewCell.swift in Sources */ = {isa = PBXBuildFile; fileRef = 6EBEA94124C484B8005DA753 /* PhotoListCollectionViewCell.swift */; };
		6EBEA94424C484DC005DA753 /* PhotoListCellViewModel.swift in Sources */ = {isa = PBXBuildFile; fileRef = 6EBEA94324C484DC005DA753 /* PhotoListCellViewModel.swift */; };
		6EBEA94624C48797005DA753 /* AppNavigator.swift in Sources */ = {isa = PBXBuildFile; fileRef = 6EBEA94524C48797005DA753 /* AppNavigator.swift */; };
		6EBEA94824C4893A005DA753 /* PhotoRequest.swift in Sources */ = {isa = PBXBuildFile; fileRef = 6EBEA94724C4893A005DA753 /* PhotoRequest.swift */; };
		6EBEA94A24C48943005DA753 /* PhotoResponse.swift in Sources */ = {isa = PBXBuildFile; fileRef = 6EBEA94924C48943005DA753 /* PhotoResponse.swift */; };
		6EBEA95124C48B3B005DA753 /* PhotosLocalDataSource.swift in Sources */ = {isa = PBXBuildFile; fileRef = 6EBEA95024C48B3B005DA753 /* PhotosLocalDataSource.swift */; };
		F49816223EAE80DD602822FE /* Pods_FlickerSearchTests.framework in Frameworks */ = {isa = PBXBuildFile; fileRef = BE339F2B3ADDD2D6BED785AF /* Pods_FlickerSearchTests.framework */; };
/* End PBXBuildFile section */

/* Begin PBXContainerItemProxy section */
		6EAAA5FB24C0EC7E0067F283 /* PBXContainerItemProxy */ = {
			isa = PBXContainerItemProxy;
			containerPortal = 6EAAA5D924C0EC7A0067F283 /* Project object */;
			proxyType = 1;
			remoteGlobalIDString = 6EAAA5E024C0EC7A0067F283;
			remoteInfo = FlickerSearch;
		};
/* End PBXContainerItemProxy section */

/* Begin PBXFileReference section */
		1F6E4FCACE7C8F9E181A6F0E /* Pods-FlickerSearch-FlickerSearchUITests.debug.xcconfig */ = {isa = PBXFileReference; includeInIndex = 1; lastKnownFileType = text.xcconfig; name = "Pods-FlickerSearch-FlickerSearchUITests.debug.xcconfig"; path = "Target Support Files/Pods-FlickerSearch-FlickerSearchUITests/Pods-FlickerSearch-FlickerSearchUITests.debug.xcconfig"; sourceTree = "<group>"; };
		5D707A23FD0277E100BD2388 /* Pods-FlickerSearch.debug.xcconfig */ = {isa = PBXFileReference; includeInIndex = 1; lastKnownFileType = text.xcconfig; name = "Pods-FlickerSearch.debug.xcconfig"; path = "Target Support Files/Pods-FlickerSearch/Pods-FlickerSearch.debug.xcconfig"; sourceTree = "<group>"; };
		6E0CDB3224C49543002B096E /* Photo+CoreDataClass.swift */ = {isa = PBXFileReference; lastKnownFileType = sourcecode.swift; path = "Photo+CoreDataClass.swift"; sourceTree = "<group>"; };
		6E0CDB3524C4973C002B096E /* Photo+CoreDataProperties.swift */ = {isa = PBXFileReference; lastKnownFileType = sourcecode.swift; path = "Photo+CoreDataProperties.swift"; sourceTree = "<group>"; };
		6E0CDB3724C49D32002B096E /* PhotosRemoteDataStore.swift */ = {isa = PBXFileReference; lastKnownFileType = sourcecode.swift; path = PhotosRemoteDataStore.swift; sourceTree = "<group>"; };
		6E0CDB3A24C49D64002B096E /* Networking.swift */ = {isa = PBXFileReference; lastKnownFileType = sourcecode.swift; path = Networking.swift; sourceTree = "<group>"; };
		6E0CDB3C24C49DF0002B096E /* NetworkManager.swift */ = {isa = PBXFileReference; lastKnownFileType = sourcecode.swift; path = NetworkManager.swift; sourceTree = "<group>"; };
		6E0CDB3F24C4A924002B096E /* Constants.swift */ = {isa = PBXFileReference; lastKnownFileType = sourcecode.swift; path = Constants.swift; sourceTree = "<group>"; };
		6E0CDB4224C4AA04002B096E /* PhotosRepository.swift */ = {isa = PBXFileReference; lastKnownFileType = sourcecode.swift; path = PhotosRepository.swift; sourceTree = "<group>"; };
		6E0CDB4524C4AD6F002B096E /* PhotosService.swift */ = {isa = PBXFileReference; lastKnownFileType = sourcecode.swift; path = PhotosService.swift; sourceTree = "<group>"; };
		6E0CDB4724C4B4D2002B096E /* PhotosListViewModel.swift */ = {isa = PBXFileReference; lastKnownFileType = sourcecode.swift; name = PhotosListViewModel.swift; path = FlickerSearch/Features/Services/Photos/PhotosListViewModel.swift; sourceTree = SOURCE_ROOT; };
		6E0CDB4B24C4BA55002B096E /* UIScrollView+Extensions.swift */ = {isa = PBXFileReference; lastKnownFileType = sourcecode.swift; path = "UIScrollView+Extensions.swift"; sourceTree = "<group>"; };
		6E2CA30124C861C70003DA3B /* Info.plist */ = {isa = PBXFileReference; fileEncoding = 4; lastKnownFileType = text.plist.xml; path = Info.plist; sourceTree = "<group>"; };
		6E2CA30824C878300003DA3B /* PhotoList.geojson */ = {isa = PBXFileReference; lastKnownFileType = text; path = PhotoList.geojson; sourceTree = "<group>"; };
		6E2CA30A24C879020003DA3B /* PhotoListTests.swift */ = {isa = PBXFileReference; lastKnownFileType = sourcecode.swift; path = PhotoListTests.swift; sourceTree = "<group>"; };
		6E3E96D324C63B0F00AFDB7E /* FlickerPhoto.swift */ = {isa = PBXFileReference; lastKnownFileType = sourcecode.swift; name = FlickerPhoto.swift; path = FlickerSearch/Common/Extensions/FlickerPhoto.swift; sourceTree = SOURCE_ROOT; };
		6E485C9224C18F7B0004A099 /* Storyboard+Extensions.swift */ = {isa = PBXFileReference; lastKnownFileType = sourcecode.swift; path = "Storyboard+Extensions.swift"; sourceTree = "<group>"; };
		6E485C9424C18F8A0004A099 /* UICollectionView+Extension.swift */ = {isa = PBXFileReference; lastKnownFileType = sourcecode.swift; path = "UICollectionView+Extension.swift"; sourceTree = "<group>"; };
		6E485C9624C18F940004A099 /* UIKitReuseIdentifier+Extension.swift */ = {isa = PBXFileReference; lastKnownFileType = sourcecode.swift; path = "UIKitReuseIdentifier+Extension.swift"; sourceTree = "<group>"; };
		6E485C9824C18FB20004A099 /* UIFont+Extension.swift */ = {isa = PBXFileReference; lastKnownFileType = sourcecode.swift; path = "UIFont+Extension.swift"; sourceTree = "<group>"; };
		6E485C9A24C18FBE0004A099 /* AlertPresentable+Extension.swift */ = {isa = PBXFileReference; lastKnownFileType = sourcecode.swift; path = "AlertPresentable+Extension.swift"; sourceTree = "<group>"; };
		6E485C9C24C18FCA0004A099 /* NibLoadableView.swift */ = {isa = PBXFileReference; lastKnownFileType = sourcecode.swift; path = NibLoadableView.swift; sourceTree = "<group>"; };
		6E485C9E24C18FDB0004A099 /* UIViewController+Extension.swift */ = {isa = PBXFileReference; lastKnownFileType = sourcecode.swift; path = "UIViewController+Extension.swift"; sourceTree = "<group>"; };
		6E485CA224C193B50004A099 /* AppNavigationController.swift */ = {isa = PBXFileReference; lastKnownFileType = sourcecode.swift; path = AppNavigationController.swift; sourceTree = "<group>"; };
		6E485CA424C193C20004A099 /* BaseViewController.swift */ = {isa = PBXFileReference; lastKnownFileType = sourcecode.swift; path = BaseViewController.swift; sourceTree = "<group>"; };
		6E485CA624C1940E0004A099 /* NoInternetHeaderView.swift */ = {isa = PBXFileReference; lastKnownFileType = sourcecode.swift; path = NoInternetHeaderView.swift; sourceTree = "<group>"; };
		6E485CA824C1942A0004A099 /* NoInternetHeaderView.xib */ = {isa = PBXFileReference; lastKnownFileType = file.xib; path = NoInternetHeaderView.xib; sourceTree = "<group>"; };
		6E485CAA24C1944C0004A099 /* Reachability.swift */ = {isa = PBXFileReference; fileEncoding = 4; lastKnownFileType = sourcecode.swift; path = Reachability.swift; sourceTree = "<group>"; };
		6E6D351324C853F100005E6C /* MockPhotosRemoteDataStore.swift */ = {isa = PBXFileReference; lastKnownFileType = sourcecode.swift; path = MockPhotosRemoteDataStore.swift; sourceTree = "<group>"; };
		6E8F528924C76CBA002CA531 /* PhotoDetailViewController.swift */ = {isa = PBXFileReference; lastKnownFileType = sourcecode.swift; name = PhotoDetailViewController.swift; path = View/ViewController/PhotoDetailViewController.swift; sourceTree = SOURCE_ROOT; };
		6E8F528B24C7708B002CA531 /* PhotoDetailViewModel.swift */ = {isa = PBXFileReference; lastKnownFileType = sourcecode.swift; name = PhotoDetailViewModel.swift; path = View/ViewController/PhotoDetailViewModel.swift; sourceTree = SOURCE_ROOT; };
		6EAAA5E124C0EC7A0067F283 /* FlickerSearch.app */ = {isa = PBXFileReference; explicitFileType = wrapper.application; includeInIndex = 0; path = FlickerSearch.app; sourceTree = BUILT_PRODUCTS_DIR; };
		6EAAA5E424C0EC7A0067F283 /* AppDelegate.swift */ = {isa = PBXFileReference; lastKnownFileType = sourcecode.swift; path = AppDelegate.swift; sourceTree = "<group>"; };
		6EAAA5EE24C0EC7A0067F283 /* FlickerSearch.xcdatamodel */ = {isa = PBXFileReference; lastKnownFileType = wrapper.xcdatamodel; path = FlickerSearch.xcdatamodel; sourceTree = "<group>"; };
		6EAAA5F024C0EC7E0067F283 /* Assets.xcassets */ = {isa = PBXFileReference; lastKnownFileType = folder.assetcatalog; path = Assets.xcassets; sourceTree = "<group>"; };
		6EAAA5F324C0EC7E0067F283 /* Base */ = {isa = PBXFileReference; lastKnownFileType = file.storyboard; name = Base; path = Base.lproj/LaunchScreen.storyboard; sourceTree = "<group>"; };
		6EAAA5F524C0EC7E0067F283 /* Info.plist */ = {isa = PBXFileReference; lastKnownFileType = text.plist.xml; name = Info.plist; path = ../Info.plist; sourceTree = "<group>"; };
		6EAAA5FA24C0EC7E0067F283 /* FlickerSearchTests.xctest */ = {isa = PBXFileReference; explicitFileType = wrapper.cfbundle; includeInIndex = 0; path = FlickerSearchTests.xctest; sourceTree = BUILT_PRODUCTS_DIR; };
		6EBEA92B24C4787C005DA753 /* CoreDataManger.swift */ = {isa = PBXFileReference; lastKnownFileType = sourcecode.swift; path = CoreDataManger.swift; sourceTree = "<group>"; };
		6EBEA92D24C478A4005DA753 /* Predicate.swift */ = {isa = PBXFileReference; lastKnownFileType = sourcecode.swift; path = Predicate.swift; sourceTree = "<group>"; };
		6EBEA93724C47EA5005DA753 /* Photos.storyboard */ = {isa = PBXFileReference; lastKnownFileType = file.storyboard; name = Photos.storyboard; path = UI/Photos/Photos.storyboard; sourceTree = SOURCE_ROOT; };
		6EBEA93924C47EDF005DA753 /* PhotoListViewController.swift */ = {isa = PBXFileReference; lastKnownFileType = sourcecode.swift; name = PhotoListViewController.swift; path = UI/Photos/PhotoListings/View/ViewControllers/PhotoListViewController.swift; sourceTree = SOURCE_ROOT; };
		6EBEA93B24C48259005DA753 /* PhotoListNavigator.swift */ = {isa = PBXFileReference; lastKnownFileType = sourcecode.swift; name = PhotoListNavigator.swift; path = UI/Photos/PhotoListings/Navigator/PhotoListNavigator.swift; sourceTree = SOURCE_ROOT; };
		6EBEA93D24C482B0005DA753 /* PhotoDTO.swift */ = {isa = PBXFileReference; lastKnownFileType = sourcecode.swift; name = PhotoDTO.swift; path = UI/Photos/PhotoListings/Navigator/PhotoDTO.swift; sourceTree = SOURCE_ROOT; };
		6EBEA94124C484B8005DA753 /* PhotoListCollectionViewCell.swift */ = {isa = PBXFileReference; lastKnownFileType = sourcecode.swift; name = PhotoListCollectionViewCell.swift; path = UI/Photos/PhotoListings/View/View/PhotoListCollectionViewCell.swift; sourceTree = SOURCE_ROOT; };
		6EBEA94324C484DC005DA753 /* PhotoListCellViewModel.swift */ = {isa = PBXFileReference; lastKnownFileType = sourcecode.swift; name = PhotoListCellViewModel.swift; path = UI/Photos/PhotoListings/View/View/PhotoListCellViewModel.swift; sourceTree = SOURCE_ROOT; };
		6EBEA94524C48797005DA753 /* AppNavigator.swift */ = {isa = PBXFileReference; lastKnownFileType = sourcecode.swift; name = AppNavigator.swift; path = UI/Photos/PhotoListings/View/View/AppNavigator.swift; sourceTree = SOURCE_ROOT; };
		6EBEA94724C4893A005DA753 /* PhotoRequest.swift */ = {isa = PBXFileReference; lastKnownFileType = sourcecode.swift; name = PhotoRequest.swift; path = UI/Photos/PhotoListings/View/View/PhotoRequest.swift; sourceTree = SOURCE_ROOT; };
		6EBEA94924C48943005DA753 /* PhotoResponse.swift */ = {isa = PBXFileReference; lastKnownFileType = sourcecode.swift; name = PhotoResponse.swift; path = UI/Photos/PhotoListings/View/View/PhotoResponse.swift; sourceTree = SOURCE_ROOT; };
		6EBEA95024C48B3B005DA753 /* PhotosLocalDataSource.swift */ = {isa = PBXFileReference; lastKnownFileType = sourcecode.swift; path = PhotosLocalDataSource.swift; sourceTree = "<group>"; };
		72F4024EB3DBE160F6C93480 /* Pods-FlickerSearch.release.xcconfig */ = {isa = PBXFileReference; includeInIndex = 1; lastKnownFileType = text.xcconfig; name = "Pods-FlickerSearch.release.xcconfig"; path = "Target Support Files/Pods-FlickerSearch/Pods-FlickerSearch.release.xcconfig"; sourceTree = "<group>"; };
		7B70709CBF4B0F02CFE95E47 /* Pods_FlickerSearch_FlickerSearchUITests.framework */ = {isa = PBXFileReference; explicitFileType = wrapper.framework; includeInIndex = 0; path = Pods_FlickerSearch_FlickerSearchUITests.framework; sourceTree = BUILT_PRODUCTS_DIR; };
		8B801D15CBEC826EAE44CE92 /* Pods-FlickerSearchTests.release.xcconfig */ = {isa = PBXFileReference; includeInIndex = 1; lastKnownFileType = text.xcconfig; name = "Pods-FlickerSearchTests.release.xcconfig"; path = "Target Support Files/Pods-FlickerSearchTests/Pods-FlickerSearchTests.release.xcconfig"; sourceTree = "<group>"; };
		BE339F2B3ADDD2D6BED785AF /* Pods_FlickerSearchTests.framework */ = {isa = PBXFileReference; explicitFileType = wrapper.framework; includeInIndex = 0; path = Pods_FlickerSearchTests.framework; sourceTree = BUILT_PRODUCTS_DIR; };
		D2AD06F9FC05A4853D8AFCB7 /* Pods_FlickerSearch.framework */ = {isa = PBXFileReference; explicitFileType = wrapper.framework; includeInIndex = 0; path = Pods_FlickerSearch.framework; sourceTree = BUILT_PRODUCTS_DIR; };
		D58E0F50663661005D2D151A /* Pods-FlickerSearchTests.debug.xcconfig */ = {isa = PBXFileReference; includeInIndex = 1; lastKnownFileType = text.xcconfig; name = "Pods-FlickerSearchTests.debug.xcconfig"; path = "Target Support Files/Pods-FlickerSearchTests/Pods-FlickerSearchTests.debug.xcconfig"; sourceTree = "<group>"; };
		F316D96F84D0E01C064523B2 /* Pods-FlickerSearch-FlickerSearchUITests.release.xcconfig */ = {isa = PBXFileReference; includeInIndex = 1; lastKnownFileType = text.xcconfig; name = "Pods-FlickerSearch-FlickerSearchUITests.release.xcconfig"; path = "Target Support Files/Pods-FlickerSearch-FlickerSearchUITests/Pods-FlickerSearch-FlickerSearchUITests.release.xcconfig"; sourceTree = "<group>"; };
/* End PBXFileReference section */

/* Begin PBXFrameworksBuildPhase section */
		6EAAA5DE24C0EC7A0067F283 /* Frameworks */ = {
			isa = PBXFrameworksBuildPhase;
			buildActionMask = 2147483647;
			files = (
				5A5656D4AECA8F4D933276FF /* Pods_FlickerSearch.framework in Frameworks */,
			);
			runOnlyForDeploymentPostprocessing = 0;
		};
		6EAAA5F724C0EC7E0067F283 /* Frameworks */ = {
			isa = PBXFrameworksBuildPhase;
			buildActionMask = 2147483647;
			files = (
				F49816223EAE80DD602822FE /* Pods_FlickerSearchTests.framework in Frameworks */,
			);
			runOnlyForDeploymentPostprocessing = 0;
		};
/* End PBXFrameworksBuildPhase section */

/* Begin PBXGroup section */
		6E0CDB3924C49D58002B096E /* Networking */ = {
			isa = PBXGroup;
			children = (
				6E0CDB3A24C49D64002B096E /* Networking.swift */,
				6E0CDB3C24C49DF0002B096E /* NetworkManager.swift */,
			);
			path = Networking;
			sourceTree = "<group>";
		};
		6E0CDB3E24C4A912002B096E /* Constants */ = {
			isa = PBXGroup;
			children = (
				6E0CDB3F24C4A924002B096E /* Constants.swift */,
			);
			path = Constants;
			sourceTree = "<group>";
		};
		6E0CDB4124C4A9EE002B096E /* Photos */ = {
			isa = PBXGroup;
			children = (
				6E0CDB4224C4AA04002B096E /* PhotosRepository.swift */,
			);
			path = Photos;
			sourceTree = "<group>";
		};
		6E0CDB4424C4AD5D002B096E /* Photos */ = {
			isa = PBXGroup;
			children = (
				6E0CDB4524C4AD6F002B096E /* PhotosService.swift */,
			);
			path = Photos;
			sourceTree = "<group>";
		};
		6E2CA30424C877B90003DA3B /* MockData */ = {
			isa = PBXGroup;
			children = (
				6E2CA30824C878300003DA3B /* PhotoList.geojson */,
			);
			path = MockData;
			sourceTree = "<group>";
		};
		6E2CA30724C877D40003DA3B /* MockService */ = {
			isa = PBXGroup;
			children = (
				6E6D351324C853F100005E6C /* MockPhotosRemoteDataStore.swift */,
			);
			path = MockService;
			sourceTree = "<group>";
		};
		6E485CA024C1938B0004A099 /* Controllers */ = {
			isa = PBXGroup;
			children = (
				6E485CA224C193B50004A099 /* AppNavigationController.swift */,
				6E485CA424C193C20004A099 /* BaseViewController.swift */,
			);
			path = Controllers;
			sourceTree = "<group>";
		};
		6E485CA124C193A10004A099 /* Views */ = {
			isa = PBXGroup;
			children = (
				6E485CA624C1940E0004A099 /* NoInternetHeaderView.swift */,
				6E485CA824C1942A0004A099 /* NoInternetHeaderView.xib */,
			);
			path = Views;
			sourceTree = "<group>";
		};
		6E6D351024C8537400005E6C /* MovieList */ = {
			isa = PBXGroup;
			children = (
				6E6D351224C8538500005E6C /* Mocks */,
				6E6D351124C8537F00005E6C /* Test */,
			);
			path = MovieList;
			sourceTree = "<group>";
		};
		6E6D351124C8537F00005E6C /* Test */ = {
			isa = PBXGroup;
			children = (
				6E2CA30A24C879020003DA3B /* PhotoListTests.swift */,
			);
			path = Test;
			sourceTree = "<group>";
		};
		6E6D351224C8538500005E6C /* Mocks */ = {
			isa = PBXGroup;
			children = (
				6E2CA30724C877D40003DA3B /* MockService */,
				6E2CA30424C877B90003DA3B /* MockData */,
			);
			path = Mocks;
			sourceTree = "<group>";
		};
		6E8F528524C76C4F002CA531 /* PhotoDetail */ = {
			isa = PBXGroup;
			children = (
				6E8F528724C76C6B002CA531 /* View */,
				6E8F528624C76C5F002CA531 /* ViewModel */,
			);
			path = PhotoDetail;
			sourceTree = "<group>";
		};
		6E8F528624C76C5F002CA531 /* ViewModel */ = {
			isa = PBXGroup;
			children = (
				6E8F528B24C7708B002CA531 /* PhotoDetailViewModel.swift */,
			);
			path = ViewModel;
			sourceTree = "<group>";
		};
		6E8F528724C76C6B002CA531 /* View */ = {
			isa = PBXGroup;
			children = (
				6E8F528824C76CA1002CA531 /* ViewController */,
			);
			path = View;
			sourceTree = "<group>";
		};
		6E8F528824C76CA1002CA531 /* ViewController */ = {
			isa = PBXGroup;
			children = (
				6E8F528924C76CBA002CA531 /* PhotoDetailViewController.swift */,
			);
			path = ViewController;
			sourceTree = "<group>";
		};
		6EAAA5D824C0EC7A0067F283 = {
			isa = PBXGroup;
			children = (
				6EAAA5E324C0EC7A0067F283 /* FlickerSearch */,
				6EAAA5FD24C0EC7E0067F283 /* FlickerSearchTests */,
				6EAAA5E224C0EC7A0067F283 /* Products */,
				9170DDD81917674C17F206B8 /* Pods */,
				BF12CEE56A68D5D1DDE2970E /* Frameworks */,
			);
			sourceTree = "<group>";
		};
		6EAAA5E224C0EC7A0067F283 /* Products */ = {
			isa = PBXGroup;
			children = (
				6EAAA5E124C0EC7A0067F283 /* FlickerSearch.app */,
				6EAAA5FA24C0EC7E0067F283 /* FlickerSearchTests.xctest */,
			);
			name = Products;
			sourceTree = "<group>";
		};
		6EAAA5E324C0EC7A0067F283 /* FlickerSearch */ = {
			isa = PBXGroup;
			children = (
				6EAAA61924C0EF4A0067F283 /* AppStartup */,
				6EAAA61A24C0EF550067F283 /* Common */,
				6EAAA61B24C0EF600067F283 /* Features */,
				6EAAA61C24C0EF710067F283 /* Resources */,
				6EAAA5ED24C0EC7A0067F283 /* FlickerSearch.xcdatamodeld */,
			);
			path = FlickerSearch;
			sourceTree = "<group>";
		};
		6EAAA5FD24C0EC7E0067F283 /* FlickerSearchTests */ = {
			isa = PBXGroup;
			children = (
				6E6D351024C8537400005E6C /* MovieList */,
				6E2CA30124C861C70003DA3B /* Info.plist */,
			);
			path = FlickerSearchTests;
			sourceTree = "<group>";
		};
		6EAAA61924C0EF4A0067F283 /* AppStartup */ = {
			isa = PBXGroup;
			children = (
				6EAAA61D24C0EFCD0067F283 /* AppNavigator */,
				6EAAA5F224C0EC7E0067F283 /* LaunchScreen.storyboard */,
				6EAAA5E424C0EC7A0067F283 /* AppDelegate.swift */,
				6EAAA5F524C0EC7E0067F283 /* Info.plist */,
			);
			path = AppStartup;
			sourceTree = "<group>";
		};
		6EAAA61A24C0EF550067F283 /* Common */ = {
			isa = PBXGroup;
			children = (
				6E0CDB3E24C4A912002B096E /* Constants */,
				6EAAA62224C0F00C0067F283 /* Extensions */,
				6EBEA92A24C47864005DA753 /* LocalDBManager */,
				6E0CDB3924C49D58002B096E /* Networking */,
				6EAAA62024C0EFED0067F283 /* ThirdParties */,
				6EAAA61F24C0EFE50067F283 /* UI */,
			);
			path = Common;
			sourceTree = "<group>";
		};
		6EAAA61B24C0EF600067F283 /* Features */ = {
			isa = PBXGroup;
			children = (
				6EBEA94C24C48AFB005DA753 /* Data */,
				6EAAA62824C0F08A0067F283 /* Domain */,
				6EAAA62624C0F0790067F283 /* Models */,
				6EAAA62924C0F0940067F283 /* Services */,
				6EAAA62A24C0F09B0067F283 /* UI */,
			);
			path = Features;
			sourceTree = "<group>";
		};
		6EAAA61C24C0EF710067F283 /* Resources */ = {
			isa = PBXGroup;
			children = (
				6EAAA5F024C0EC7E0067F283 /* Assets.xcassets */,
			);
			path = Resources;
			sourceTree = "<group>";
		};
		6EAAA61D24C0EFCD0067F283 /* AppNavigator */ = {
			isa = PBXGroup;
			children = (
				6EBEA94524C48797005DA753 /* AppNavigator.swift */,
			);
			path = AppNavigator;
			sourceTree = "<group>";
		};
		6EAAA61F24C0EFE50067F283 /* UI */ = {
			isa = PBXGroup;
			children = (
				6E485CA124C193A10004A099 /* Views */,
				6E485CA024C1938B0004A099 /* Controllers */,
			);
			path = UI;
			sourceTree = "<group>";
		};
		6EAAA62024C0EFED0067F283 /* ThirdParties */ = {
			isa = PBXGroup;
			children = (
				6E485CAA24C1944C0004A099 /* Reachability.swift */,
			);
			path = ThirdParties;
			sourceTree = "<group>";
		};
		6EAAA62224C0F00C0067F283 /* Extensions */ = {
			isa = PBXGroup;
			children = (
				6E485C9224C18F7B0004A099 /* Storyboard+Extensions.swift */,
				6E485C9424C18F8A0004A099 /* UICollectionView+Extension.swift */,
				6E485C9624C18F940004A099 /* UIKitReuseIdentifier+Extension.swift */,
				6E485C9824C18FB20004A099 /* UIFont+Extension.swift */,
				6E485C9A24C18FBE0004A099 /* AlertPresentable+Extension.swift */,
				6E485C9C24C18FCA0004A099 /* NibLoadableView.swift */,
				6E485C9E24C18FDB0004A099 /* UIViewController+Extension.swift */,
				6E0CDB4B24C4BA55002B096E /* UIScrollView+Extensions.swift */,
			);
			path = Extensions;
			sourceTree = "<group>";
		};
		6EAAA62624C0F0790067F283 /* Models */ = {
			isa = PBXGroup;
			children = (
				6EBEA93D24C482B0005DA753 /* PhotoDTO.swift */,
				6EBEA94724C4893A005DA753 /* PhotoRequest.swift */,
				6EBEA94924C48943005DA753 /* PhotoResponse.swift */,
				6E3E96D324C63B0F00AFDB7E /* FlickerPhoto.swift */,
			);
			path = Models;
			sourceTree = "<group>";
		};
		6EAAA62824C0F08A0067F283 /* Domain */ = {
			isa = PBXGroup;
			children = (
				6E0CDB4124C4A9EE002B096E /* Photos */,
			);
			path = Domain;
			sourceTree = "<group>";
		};
		6EAAA62924C0F0940067F283 /* Services */ = {
			isa = PBXGroup;
			children = (
				6E0CDB4424C4AD5D002B096E /* Photos */,
			);
			path = Services;
			sourceTree = "<group>";
		};
		6EAAA62A24C0F09B0067F283 /* UI */ = {
			isa = PBXGroup;
			children = (
				6EBEA92F24C47D1E005DA753 /* Photos */,
			);
			path = UI;
			sourceTree = "<group>";
		};
		6EBEA92A24C47864005DA753 /* LocalDBManager */ = {
			isa = PBXGroup;
			children = (
				6EBEA95224C48DED005DA753 /* Photo */,
				6EBEA92B24C4787C005DA753 /* CoreDataManger.swift */,
				6EBEA92D24C478A4005DA753 /* Predicate.swift */,
			);
			path = LocalDBManager;
			sourceTree = "<group>";
		};
		6EBEA92F24C47D1E005DA753 /* Photos */ = {
			isa = PBXGroup;
			children = (
				6EBEA93724C47EA5005DA753 /* Photos.storyboard */,
				6EBEA93024C47E36005DA753 /* PhotoListings */,
				6E8F528524C76C4F002CA531 /* PhotoDetail */,
			);
			path = Photos;
			sourceTree = "<group>";
		};
		6EBEA93024C47E36005DA753 /* PhotoListings */ = {
			isa = PBXGroup;
			children = (
				6EBEA93424C47E6D005DA753 /* View */,
				6EBEA93324C47E65005DA753 /* ViewModel */,
				6EBEA93124C47E59005DA753 /* Navigator */,
			);
			path = PhotoListings;
			sourceTree = "<group>";
		};
		6EBEA93124C47E59005DA753 /* Navigator */ = {
			isa = PBXGroup;
			children = (
				6EBEA93B24C48259005DA753 /* PhotoListNavigator.swift */,
			);
			path = Navigator;
			sourceTree = "<group>";
		};
		6EBEA93324C47E65005DA753 /* ViewModel */ = {
			isa = PBXGroup;
			children = (
				6E0CDB4724C4B4D2002B096E /* PhotosListViewModel.swift */,
			);
			path = ViewModel;
			sourceTree = "<group>";
		};
		6EBEA93424C47E6D005DA753 /* View */ = {
			isa = PBXGroup;
			children = (
				6EBEA94024C483FB005DA753 /* ViewControllers */,
				6EBEA93F24C483F4005DA753 /* Views */,
			);
			path = View;
			sourceTree = "<group>";
		};
		6EBEA93F24C483F4005DA753 /* Views */ = {
			isa = PBXGroup;
			children = (
				6EBEA94124C484B8005DA753 /* PhotoListCollectionViewCell.swift */,
				6EBEA94324C484DC005DA753 /* PhotoListCellViewModel.swift */,
			);
			path = Views;
			sourceTree = "<group>";
		};
		6EBEA94024C483FB005DA753 /* ViewControllers */ = {
			isa = PBXGroup;
			children = (
				6EBEA93924C47EDF005DA753 /* PhotoListViewController.swift */,
			);
			path = ViewControllers;
			sourceTree = "<group>";
		};
		6EBEA94C24C48AFB005DA753 /* Data */ = {
			isa = PBXGroup;
			children = (
				6EBEA94D24C48B09005DA753 /* Photos */,
			);
			path = Data;
			sourceTree = "<group>";
		};
		6EBEA94D24C48B09005DA753 /* Photos */ = {
			isa = PBXGroup;
			children = (
				6EBEA94F24C48B1B005DA753 /* Remote */,
				6EBEA94E24C48B13005DA753 /* Local */,
			);
			path = Photos;
			sourceTree = "<group>";
		};
		6EBEA94E24C48B13005DA753 /* Local */ = {
			isa = PBXGroup;
			children = (
				6EBEA95024C48B3B005DA753 /* PhotosLocalDataSource.swift */,
			);
			path = Local;
			sourceTree = "<group>";
		};
		6EBEA94F24C48B1B005DA753 /* Remote */ = {
			isa = PBXGroup;
			children = (
				6E0CDB3724C49D32002B096E /* PhotosRemoteDataStore.swift */,
			);
			path = Remote;
			sourceTree = "<group>";
		};
		6EBEA95224C48DED005DA753 /* Photo */ = {
			isa = PBXGroup;
			children = (
				6E0CDB3224C49543002B096E /* Photo+CoreDataClass.swift */,
				6E0CDB3524C4973C002B096E /* Photo+CoreDataProperties.swift */,
			);
			path = Photo;
			sourceTree = "<group>";
		};
		9170DDD81917674C17F206B8 /* Pods */ = {
			isa = PBXGroup;
			children = (
				5D707A23FD0277E100BD2388 /* Pods-FlickerSearch.debug.xcconfig */,
				72F4024EB3DBE160F6C93480 /* Pods-FlickerSearch.release.xcconfig */,
				1F6E4FCACE7C8F9E181A6F0E /* Pods-FlickerSearch-FlickerSearchUITests.debug.xcconfig */,
				F316D96F84D0E01C064523B2 /* Pods-FlickerSearch-FlickerSearchUITests.release.xcconfig */,
				D58E0F50663661005D2D151A /* Pods-FlickerSearchTests.debug.xcconfig */,
				8B801D15CBEC826EAE44CE92 /* Pods-FlickerSearchTests.release.xcconfig */,
			);
			path = Pods;
			sourceTree = "<group>";
		};
		BF12CEE56A68D5D1DDE2970E /* Frameworks */ = {
			isa = PBXGroup;
			children = (
				D2AD06F9FC05A4853D8AFCB7 /* Pods_FlickerSearch.framework */,
				7B70709CBF4B0F02CFE95E47 /* Pods_FlickerSearch_FlickerSearchUITests.framework */,
				BE339F2B3ADDD2D6BED785AF /* Pods_FlickerSearchTests.framework */,
			);
			name = Frameworks;
			sourceTree = "<group>";
		};
/* End PBXGroup section */

/* Begin PBXNativeTarget section */
		6EAAA5E024C0EC7A0067F283 /* FlickerSearch */ = {
			isa = PBXNativeTarget;
			buildConfigurationList = 6EAAA60E24C0EC7E0067F283 /* Build configuration list for PBXNativeTarget "FlickerSearch" */;
			buildPhases = (
				70D24DC8E0EB07CA84A0FB24 /* [CP] Check Pods Manifest.lock */,
				6EAAA5DD24C0EC7A0067F283 /* Sources */,
				6EAAA5DE24C0EC7A0067F283 /* Frameworks */,
				6EAAA5DF24C0EC7A0067F283 /* Resources */,
				6EAAA61824C0EDD10067F283 /* ShellScript */,
				F2BAD88190ACAB1363482370 /* [CP] Embed Pods Frameworks */,
			);
			buildRules = (
			);
			dependencies = (
			);
			name = FlickerSearch;
			productName = FlickerSearch;
			productReference = 6EAAA5E124C0EC7A0067F283 /* FlickerSearch.app */;
			productType = "com.apple.product-type.application";
		};
		6EAAA5F924C0EC7E0067F283 /* FlickerSearchTests */ = {
			isa = PBXNativeTarget;
			buildConfigurationList = 6EAAA61124C0EC7E0067F283 /* Build configuration list for PBXNativeTarget "FlickerSearchTests" */;
			buildPhases = (
				42D5E9C068F4F32309C8E0D4 /* [CP] Check Pods Manifest.lock */,
				6EAAA5F624C0EC7E0067F283 /* Sources */,
				6EAAA5F724C0EC7E0067F283 /* Frameworks */,
				6EAAA5F824C0EC7E0067F283 /* Resources */,
				A131AF320A05A02AABBFC0BB /* [CP] Embed Pods Frameworks */,
			);
			buildRules = (
			);
			dependencies = (
				6EAAA5FC24C0EC7E0067F283 /* PBXTargetDependency */,
			);
			name = FlickerSearchTests;
			productName = FlickerSearchTests;
			productReference = 6EAAA5FA24C0EC7E0067F283 /* FlickerSearchTests.xctest */;
			productType = "com.apple.product-type.bundle.unit-test";
		};
/* End PBXNativeTarget section */

/* Begin PBXProject section */
		6EAAA5D924C0EC7A0067F283 /* Project object */ = {
			isa = PBXProject;
			attributes = {
				LastSwiftUpdateCheck = 1150;
				LastUpgradeCheck = 1150;
				ORGANIZATIONNAME = "Abdul Basit";
				TargetAttributes = {
					6EAAA5E024C0EC7A0067F283 = {
						CreatedOnToolsVersion = 11.5;
					};
					6EAAA5F924C0EC7E0067F283 = {
						CreatedOnToolsVersion = 11.5;
						TestTargetID = 6EAAA5E024C0EC7A0067F283;
					};
				};
			};
			buildConfigurationList = 6EAAA5DC24C0EC7A0067F283 /* Build configuration list for PBXProject "FlickerSearch" */;
			compatibilityVersion = "Xcode 9.3";
			developmentRegion = en;
			hasScannedForEncodings = 0;
			knownRegions = (
				en,
				Base,
			);
			mainGroup = 6EAAA5D824C0EC7A0067F283;
			productRefGroup = 6EAAA5E224C0EC7A0067F283 /* Products */;
			projectDirPath = "";
			projectRoot = "";
			targets = (
				6EAAA5E024C0EC7A0067F283 /* FlickerSearch */,
				6EAAA5F924C0EC7E0067F283 /* FlickerSearchTests */,
			);
		};
/* End PBXProject section */

/* Begin PBXResourcesBuildPhase section */
		6EAAA5DF24C0EC7A0067F283 /* Resources */ = {
			isa = PBXResourcesBuildPhase;
			buildActionMask = 2147483647;
			files = (
				6E485CA924C1942A0004A099 /* NoInternetHeaderView.xib in Resources */,
				6EBEA93824C47EA5005DA753 /* Photos.storyboard in Resources */,
				6EAAA5F424C0EC7E0067F283 /* LaunchScreen.storyboard in Resources */,
				6EAAA5F124C0EC7E0067F283 /* Assets.xcassets in Resources */,
			);
			runOnlyForDeploymentPostprocessing = 0;
		};
		6EAAA5F824C0EC7E0067F283 /* Resources */ = {
			isa = PBXResourcesBuildPhase;
			buildActionMask = 2147483647;
			files = (
				6E2CA30924C878310003DA3B /* PhotoList.geojson in Resources */,
			);
			runOnlyForDeploymentPostprocessing = 0;
		};
/* End PBXResourcesBuildPhase section */

/* Begin PBXShellScriptBuildPhase section */
		42D5E9C068F4F32309C8E0D4 /* [CP] Check Pods Manifest.lock */ = {
			isa = PBXShellScriptBuildPhase;
			buildActionMask = 2147483647;
			files = (
			);
			inputFileListPaths = (
			);
			inputPaths = (
				"${PODS_PODFILE_DIR_PATH}/Podfile.lock",
				"${PODS_ROOT}/Manifest.lock",
			);
			name = "[CP] Check Pods Manifest.lock";
			outputFileListPaths = (
			);
			outputPaths = (
				"$(DERIVED_FILE_DIR)/Pods-FlickerSearchTests-checkManifestLockResult.txt",
			);
			runOnlyForDeploymentPostprocessing = 0;
			shellPath = /bin/sh;
			shellScript = "diff \"${PODS_PODFILE_DIR_PATH}/Podfile.lock\" \"${PODS_ROOT}/Manifest.lock\" > /dev/null\nif [ $? != 0 ] ; then\n    # print error to STDERR\n    echo \"error: The sandbox is not in sync with the Podfile.lock. Run 'pod install' or update your CocoaPods installation.\" >&2\n    exit 1\nfi\n# This output is used by Xcode 'outputs' to avoid re-running this script phase.\necho \"SUCCESS\" > \"${SCRIPT_OUTPUT_FILE_0}\"\n";
			showEnvVarsInLog = 0;
		};
		6EAAA61824C0EDD10067F283 /* ShellScript */ = {
			isa = PBXShellScriptBuildPhase;
			buildActionMask = 2147483647;
			files = (
			);
			inputFileListPaths = (
			);
			inputPaths = (
			);
			outputFileListPaths = (
			);
			outputPaths = (
			);
			runOnlyForDeploymentPostprocessing = 0;
			shellPath = /bin/sh;
			shellScript = "if which swiftlint >/dev/null; then\n  swiftlint\nelse\n  echo \"warning: SwiftLint not installed, download from https://github.com/realm/SwiftLint\"\nfi\n";
		};
		70D24DC8E0EB07CA84A0FB24 /* [CP] Check Pods Manifest.lock */ = {
			isa = PBXShellScriptBuildPhase;
			buildActionMask = 2147483647;
			files = (
			);
			inputFileListPaths = (
			);
			inputPaths = (
				"${PODS_PODFILE_DIR_PATH}/Podfile.lock",
				"${PODS_ROOT}/Manifest.lock",
			);
			name = "[CP] Check Pods Manifest.lock";
			outputFileListPaths = (
			);
			outputPaths = (
				"$(DERIVED_FILE_DIR)/Pods-FlickerSearch-checkManifestLockResult.txt",
			);
			runOnlyForDeploymentPostprocessing = 0;
			shellPath = /bin/sh;
			shellScript = "diff \"${PODS_PODFILE_DIR_PATH}/Podfile.lock\" \"${PODS_ROOT}/Manifest.lock\" > /dev/null\nif [ $? != 0 ] ; then\n    # print error to STDERR\n    echo \"error: The sandbox is not in sync with the Podfile.lock. Run 'pod install' or update your CocoaPods installation.\" >&2\n    exit 1\nfi\n# This output is used by Xcode 'outputs' to avoid re-running this script phase.\necho \"SUCCESS\" > \"${SCRIPT_OUTPUT_FILE_0}\"\n";
			showEnvVarsInLog = 0;
		};
		A131AF320A05A02AABBFC0BB /* [CP] Embed Pods Frameworks */ = {
			isa = PBXShellScriptBuildPhase;
			buildActionMask = 2147483647;
			files = (
			);
			inputFileListPaths = (
				"${PODS_ROOT}/Target Support Files/Pods-FlickerSearchTests/Pods-FlickerSearchTests-frameworks-${CONFIGURATION}-input-files.xcfilelist",
			);
			name = "[CP] Embed Pods Frameworks";
			outputFileListPaths = (
				"${PODS_ROOT}/Target Support Files/Pods-FlickerSearchTests/Pods-FlickerSearchTests-frameworks-${CONFIGURATION}-output-files.xcfilelist",
			);
			runOnlyForDeploymentPostprocessing = 0;
			shellPath = /bin/sh;
			shellScript = "\"${PODS_ROOT}/Target Support Files/Pods-FlickerSearchTests/Pods-FlickerSearchTests-frameworks.sh\"\n";
			showEnvVarsInLog = 0;
		};
		F2BAD88190ACAB1363482370 /* [CP] Embed Pods Frameworks */ = {
			isa = PBXShellScriptBuildPhase;
			buildActionMask = 2147483647;
			files = (
			);
			inputFileListPaths = (
				"${PODS_ROOT}/Target Support Files/Pods-FlickerSearch/Pods-FlickerSearch-frameworks-${CONFIGURATION}-input-files.xcfilelist",
			);
			name = "[CP] Embed Pods Frameworks";
			outputFileListPaths = (
				"${PODS_ROOT}/Target Support Files/Pods-FlickerSearch/Pods-FlickerSearch-frameworks-${CONFIGURATION}-output-files.xcfilelist",
			);
			runOnlyForDeploymentPostprocessing = 0;
			shellPath = /bin/sh;
			shellScript = "\"${PODS_ROOT}/Target Support Files/Pods-FlickerSearch/Pods-FlickerSearch-frameworks.sh\"\n";
			showEnvVarsInLog = 0;
		};
/* End PBXShellScriptBuildPhase section */

/* Begin PBXSourcesBuildPhase section */
		6EAAA5DD24C0EC7A0067F283 /* Sources */ = {
			isa = PBXSourcesBuildPhase;
			buildActionMask = 2147483647;
			files = (
				6E0CDB4324C4AA04002B096E /* PhotosRepository.swift in Sources */,
				6E485C9F24C18FDB0004A099 /* UIViewController+Extension.swift in Sources */,
				6E485C9D24C18FCA0004A099 /* NibLoadableView.swift in Sources */,
				6EBEA94624C48797005DA753 /* AppNavigator.swift in Sources */,
				6E485CA524C193C20004A099 /* BaseViewController.swift in Sources */,
				6E485CA724C1940E0004A099 /* NoInternetHeaderView.swift in Sources */,
				6E8F528A24C76CBA002CA531 /* PhotoDetailViewController.swift in Sources */,
				6E0CDB4024C4A924002B096E /* Constants.swift in Sources */,
				6E485C9924C18FB20004A099 /* UIFont+Extension.swift in Sources */,
				6EBEA93C24C48259005DA753 /* PhotoListNavigator.swift in Sources */,
				6EBEA93E24C482B0005DA753 /* PhotoDTO.swift in Sources */,
				6E485C9524C18F8A0004A099 /* UICollectionView+Extension.swift in Sources */,
				6E0CDB4824C4B4D2002B096E /* PhotosListViewModel.swift in Sources */,
				6E485C9324C18F7B0004A099 /* Storyboard+Extensions.swift in Sources */,
				6EBEA92E24C478A4005DA753 /* Predicate.swift in Sources */,
				6E485C9724C18F950004A099 /* UIKitReuseIdentifier+Extension.swift in Sources */,
				6E485C9B24C18FBE0004A099 /* AlertPresentable+Extension.swift in Sources */,
				6E0CDB3324C49543002B096E /* Photo+CoreDataClass.swift in Sources */,
				6E0CDB3D24C49DF0002B096E /* NetworkManager.swift in Sources */,
				6E0CDB3624C4973C002B096E /* Photo+CoreDataProperties.swift in Sources */,
				6E8F528C24C7708B002CA531 /* PhotoDetailViewModel.swift in Sources */,
				6E0CDB4624C4AD6F002B096E /* PhotosService.swift in Sources */,
				6EAAA5EF24C0EC7A0067F283 /* FlickerSearch.xcdatamodeld in Sources */,
				6EBEA94424C484DC005DA753 /* PhotoListCellViewModel.swift in Sources */,
				6E3E96D424C63B0F00AFDB7E /* FlickerPhoto.swift in Sources */,
				6EBEA94224C484B8005DA753 /* PhotoListCollectionViewCell.swift in Sources */,
				6E0CDB3824C49D32002B096E /* PhotosRemoteDataStore.swift in Sources */,
				6EBEA94824C4893A005DA753 /* PhotoRequest.swift in Sources */,
				6EBEA95124C48B3B005DA753 /* PhotosLocalDataSource.swift in Sources */,
				6EAAA5E524C0EC7A0067F283 /* AppDelegate.swift in Sources */,
				6E0CDB4C24C4BA55002B096E /* UIScrollView+Extensions.swift in Sources */,
				6EBEA94A24C48943005DA753 /* PhotoResponse.swift in Sources */,
				6E485CA324C193B50004A099 /* AppNavigationController.swift in Sources */,
				6EBEA93A24C47EDF005DA753 /* PhotoListViewController.swift in Sources */,
				6EBEA92C24C4787C005DA753 /* CoreDataManger.swift in Sources */,
				6E485CAB24C1944C0004A099 /* Reachability.swift in Sources */,
				6E0CDB3B24C49D64002B096E /* Networking.swift in Sources */,
			);
			runOnlyForDeploymentPostprocessing = 0;
		};
		6EAAA5F624C0EC7E0067F283 /* Sources */ = {
			isa = PBXSourcesBuildPhase;
			buildActionMask = 2147483647;
			files = (
				6E2CA30B24C879020003DA3B /* PhotoListTests.swift in Sources */,
				6E6D351424C853F100005E6C /* MockPhotosRemoteDataStore.swift in Sources */,
			);
			runOnlyForDeploymentPostprocessing = 0;
		};
/* End PBXSourcesBuildPhase section */

/* Begin PBXTargetDependency section */
		6EAAA5FC24C0EC7E0067F283 /* PBXTargetDependency */ = {
			isa = PBXTargetDependency;
			target = 6EAAA5E024C0EC7A0067F283 /* FlickerSearch */;
			targetProxy = 6EAAA5FB24C0EC7E0067F283 /* PBXContainerItemProxy */;
		};
/* End PBXTargetDependency section */

/* Begin PBXVariantGroup section */
		6EAAA5F224C0EC7E0067F283 /* LaunchScreen.storyboard */ = {
			isa = PBXVariantGroup;
			children = (
				6EAAA5F324C0EC7E0067F283 /* Base */,
			);
			name = LaunchScreen.storyboard;
			sourceTree = "<group>";
		};
/* End PBXVariantGroup section */

/* Begin XCBuildConfiguration section */
		6EAAA60C24C0EC7E0067F283 /* Debug */ = {
			isa = XCBuildConfiguration;
			buildSettings = {
				ALWAYS_SEARCH_USER_PATHS = NO;
				CLANG_ANALYZER_NONNULL = YES;
				CLANG_ANALYZER_NUMBER_OBJECT_CONVERSION = YES_AGGRESSIVE;
				CLANG_CXX_LANGUAGE_STANDARD = "gnu++14";
				CLANG_CXX_LIBRARY = "libc++";
				CLANG_ENABLE_MODULES = YES;
				CLANG_ENABLE_OBJC_ARC = YES;
				CLANG_ENABLE_OBJC_WEAK = YES;
				CLANG_WARN_BLOCK_CAPTURE_AUTORELEASING = YES;
				CLANG_WARN_BOOL_CONVERSION = YES;
				CLANG_WARN_COMMA = YES;
				CLANG_WARN_CONSTANT_CONVERSION = YES;
				CLANG_WARN_DEPRECATED_OBJC_IMPLEMENTATIONS = YES;
				CLANG_WARN_DIRECT_OBJC_ISA_USAGE = YES_ERROR;
				CLANG_WARN_DOCUMENTATION_COMMENTS = YES;
				CLANG_WARN_EMPTY_BODY = YES;
				CLANG_WARN_ENUM_CONVERSION = YES;
				CLANG_WARN_INFINITE_RECURSION = YES;
				CLANG_WARN_INT_CONVERSION = YES;
				CLANG_WARN_NON_LITERAL_NULL_CONVERSION = YES;
				CLANG_WARN_OBJC_IMPLICIT_RETAIN_SELF = YES;
				CLANG_WARN_OBJC_LITERAL_CONVERSION = YES;
				CLANG_WARN_OBJC_ROOT_CLASS = YES_ERROR;
				CLANG_WARN_RANGE_LOOP_ANALYSIS = YES;
				CLANG_WARN_STRICT_PROTOTYPES = YES;
				CLANG_WARN_SUSPICIOUS_MOVE = YES;
				CLANG_WARN_UNGUARDED_AVAILABILITY = YES_AGGRESSIVE;
				CLANG_WARN_UNREACHABLE_CODE = YES;
				CLANG_WARN__DUPLICATE_METHOD_MATCH = YES;
				COPY_PHASE_STRIP = NO;
				DEBUG_INFORMATION_FORMAT = dwarf;
				ENABLE_STRICT_OBJC_MSGSEND = YES;
				ENABLE_TESTABILITY = YES;
				GCC_C_LANGUAGE_STANDARD = gnu11;
				GCC_DYNAMIC_NO_PIC = NO;
				GCC_NO_COMMON_BLOCKS = YES;
				GCC_OPTIMIZATION_LEVEL = 0;
				GCC_PREPROCESSOR_DEFINITIONS = (
					"DEBUG=1",
					"$(inherited)",
				);
				GCC_WARN_64_TO_32_BIT_CONVERSION = YES;
				GCC_WARN_ABOUT_RETURN_TYPE = YES_ERROR;
				GCC_WARN_UNDECLARED_SELECTOR = YES;
				GCC_WARN_UNINITIALIZED_AUTOS = YES_AGGRESSIVE;
				GCC_WARN_UNUSED_FUNCTION = YES;
				GCC_WARN_UNUSED_VARIABLE = YES;
				IPHONEOS_DEPLOYMENT_TARGET = 13.5;
				MTL_ENABLE_DEBUG_INFO = INCLUDE_SOURCE;
				MTL_FAST_MATH = YES;
				ONLY_ACTIVE_ARCH = YES;
				SDKROOT = iphoneos;
				SWIFT_ACTIVE_COMPILATION_CONDITIONS = DEBUG;
				SWIFT_OPTIMIZATION_LEVEL = "-Onone";
			};
			name = Debug;
		};
		6EAAA60D24C0EC7E0067F283 /* Release */ = {
			isa = XCBuildConfiguration;
			buildSettings = {
				ALWAYS_SEARCH_USER_PATHS = NO;
				CLANG_ANALYZER_NONNULL = YES;
				CLANG_ANALYZER_NUMBER_OBJECT_CONVERSION = YES_AGGRESSIVE;
				CLANG_CXX_LANGUAGE_STANDARD = "gnu++14";
				CLANG_CXX_LIBRARY = "libc++";
				CLANG_ENABLE_MODULES = YES;
				CLANG_ENABLE_OBJC_ARC = YES;
				CLANG_ENABLE_OBJC_WEAK = YES;
				CLANG_WARN_BLOCK_CAPTURE_AUTORELEASING = YES;
				CLANG_WARN_BOOL_CONVERSION = YES;
				CLANG_WARN_COMMA = YES;
				CLANG_WARN_CONSTANT_CONVERSION = YES;
				CLANG_WARN_DEPRECATED_OBJC_IMPLEMENTATIONS = YES;
				CLANG_WARN_DIRECT_OBJC_ISA_USAGE = YES_ERROR;
				CLANG_WARN_DOCUMENTATION_COMMENTS = YES;
				CLANG_WARN_EMPTY_BODY = YES;
				CLANG_WARN_ENUM_CONVERSION = YES;
				CLANG_WARN_INFINITE_RECURSION = YES;
				CLANG_WARN_INT_CONVERSION = YES;
				CLANG_WARN_NON_LITERAL_NULL_CONVERSION = YES;
				CLANG_WARN_OBJC_IMPLICIT_RETAIN_SELF = YES;
				CLANG_WARN_OBJC_LITERAL_CONVERSION = YES;
				CLANG_WARN_OBJC_ROOT_CLASS = YES_ERROR;
				CLANG_WARN_RANGE_LOOP_ANALYSIS = YES;
				CLANG_WARN_STRICT_PROTOTYPES = YES;
				CLANG_WARN_SUSPICIOUS_MOVE = YES;
				CLANG_WARN_UNGUARDED_AVAILABILITY = YES_AGGRESSIVE;
				CLANG_WARN_UNREACHABLE_CODE = YES;
				CLANG_WARN__DUPLICATE_METHOD_MATCH = YES;
				COPY_PHASE_STRIP = NO;
				DEBUG_INFORMATION_FORMAT = "dwarf-with-dsym";
				ENABLE_NS_ASSERTIONS = NO;
				ENABLE_STRICT_OBJC_MSGSEND = YES;
				GCC_C_LANGUAGE_STANDARD = gnu11;
				GCC_NO_COMMON_BLOCKS = YES;
				GCC_WARN_64_TO_32_BIT_CONVERSION = YES;
				GCC_WARN_ABOUT_RETURN_TYPE = YES_ERROR;
				GCC_WARN_UNDECLARED_SELECTOR = YES;
				GCC_WARN_UNINITIALIZED_AUTOS = YES_AGGRESSIVE;
				GCC_WARN_UNUSED_FUNCTION = YES;
				GCC_WARN_UNUSED_VARIABLE = YES;
				IPHONEOS_DEPLOYMENT_TARGET = 13.5;
				MTL_ENABLE_DEBUG_INFO = NO;
				MTL_FAST_MATH = YES;
				SDKROOT = iphoneos;
				SWIFT_COMPILATION_MODE = wholemodule;
				SWIFT_OPTIMIZATION_LEVEL = "-O";
				VALIDATE_PRODUCT = YES;
			};
			name = Release;
		};
		6EAAA60F24C0EC7E0067F283 /* Debug */ = {
			isa = XCBuildConfiguration;
			baseConfigurationReference = 5D707A23FD0277E100BD2388 /* Pods-FlickerSearch.debug.xcconfig */;
			buildSettings = {
				ASSETCATALOG_COMPILER_APPICON_NAME = AppIcon;
				CODE_SIGN_STYLE = Automatic;
				INFOPLIST_FILE = FlickerSearch/Info.plist;
				IPHONEOS_DEPLOYMENT_TARGET = 13.0;
				LD_RUNPATH_SEARCH_PATHS = (
					"$(inherited)",
					"@executable_path/Frameworks",
				);
				PRODUCT_BUNDLE_IDENTIFIER = com.app.FlickerSearch;
				PRODUCT_NAME = "$(TARGET_NAME)";
				SWIFT_VERSION = 5.0;
				TARGETED_DEVICE_FAMILY = 1;
			};
			name = Debug;
		};
		6EAAA61024C0EC7E0067F283 /* Release */ = {
			isa = XCBuildConfiguration;
			baseConfigurationReference = 72F4024EB3DBE160F6C93480 /* Pods-FlickerSearch.release.xcconfig */;
			buildSettings = {
				ASSETCATALOG_COMPILER_APPICON_NAME = AppIcon;
				CODE_SIGN_STYLE = Automatic;
				INFOPLIST_FILE = FlickerSearch/Info.plist;
				IPHONEOS_DEPLOYMENT_TARGET = 13.0;
				LD_RUNPATH_SEARCH_PATHS = (
					"$(inherited)",
					"@executable_path/Frameworks",
				);
				PRODUCT_BUNDLE_IDENTIFIER = com.app.FlickerSearch;
				PRODUCT_NAME = "$(TARGET_NAME)";
				SWIFT_VERSION = 5.0;
				TARGETED_DEVICE_FAMILY = 1;
			};
			name = Release;
		};
		6EAAA61224C0EC7E0067F283 /* Debug */ = {
			isa = XCBuildConfiguration;
			baseConfigurationReference = D58E0F50663661005D2D151A /* Pods-FlickerSearchTests.debug.xcconfig */;
			buildSettings = {
				ALWAYS_EMBED_SWIFT_STANDARD_LIBRARIES = YES;
				BUNDLE_LOADER = "$(TEST_HOST)";
				CODE_SIGN_STYLE = Automatic;
				INFOPLIST_FILE = FlickerSearchTests/Info.plist;
				IPHONEOS_DEPLOYMENT_TARGET = 13.5;
				LD_RUNPATH_SEARCH_PATHS = (
					"$(inherited)",
					"@executable_path/Frameworks",
					"@loader_path/Frameworks",
				);
				PRODUCT_BUNDLE_IDENTIFIER = com.flickr.search.FlickerSearchTests;
				PRODUCT_NAME = "$(TARGET_NAME)";
				SWIFT_VERSION = 5.0;
				TARGETED_DEVICE_FAMILY = "1,2";
				TEST_HOST = "$(BUILT_PRODUCTS_DIR)/FlickerSearch.app/FlickerSearch";
			};
			name = Debug;
		};
		6EAAA61324C0EC7E0067F283 /* Release */ = {
			isa = XCBuildConfiguration;
			baseConfigurationReference = 8B801D15CBEC826EAE44CE92 /* Pods-FlickerSearchTests.release.xcconfig */;
			buildSettings = {
				ALWAYS_EMBED_SWIFT_STANDARD_LIBRARIES = YES;
				BUNDLE_LOADER = "$(TEST_HOST)";
				CODE_SIGN_STYLE = Automatic;
				INFOPLIST_FILE = FlickerSearchTests/Info.plist;
				IPHONEOS_DEPLOYMENT_TARGET = 13.5;
				LD_RUNPATH_SEARCH_PATHS = (
					"$(inherited)",
					"@executable_path/Frameworks",
					"@loader_path/Frameworks",
				);
				PRODUCT_BUNDLE_IDENTIFIER = com.flickr.search.FlickerSearchTests;
				PRODUCT_NAME = "$(TARGET_NAME)";
				SWIFT_VERSION = 5.0;
				TARGETED_DEVICE_FAMILY = "1,2";
				TEST_HOST = "$(BUILT_PRODUCTS_DIR)/FlickerSearch.app/FlickerSearch";
			};
			name = Release;
		};
/* End XCBuildConfiguration section */

/* Begin XCConfigurationList section */
		6EAAA5DC24C0EC7A0067F283 /* Build configuration list for PBXProject "FlickerSearch" */ = {
			isa = XCConfigurationList;
			buildConfigurations = (
				6EAAA60C24C0EC7E0067F283 /* Debug */,
				6EAAA60D24C0EC7E0067F283 /* Release */,
			);
			defaultConfigurationIsVisible = 0;
			defaultConfigurationName = Release;
		};
		6EAAA60E24C0EC7E0067F283 /* Build configuration list for PBXNativeTarget "FlickerSearch" */ = {
			isa = XCConfigurationList;
			buildConfigurations = (
				6EAAA60F24C0EC7E0067F283 /* Debug */,
				6EAAA61024C0EC7E0067F283 /* Release */,
			);
			defaultConfigurationIsVisible = 0;
			defaultConfigurationName = Release;
		};
		6EAAA61124C0EC7E0067F283 /* Build configuration list for PBXNativeTarget "FlickerSearchTests" */ = {
			isa = XCConfigurationList;
			buildConfigurations = (
				6EAAA61224C0EC7E0067F283 /* Debug */,
				6EAAA61324C0EC7E0067F283 /* Release */,
			);
			defaultConfigurationIsVisible = 0;
			defaultConfigurationName = Release;
		};
/* End XCConfigurationList section */

/* Begin XCVersionGroup section */
		6EAAA5ED24C0EC7A0067F283 /* FlickerSearch.xcdatamodeld */ = {
			isa = XCVersionGroup;
			children = (
				6EAAA5EE24C0EC7A0067F283 /* FlickerSearch.xcdatamodel */,
			);
			currentVersion = 6EAAA5EE24C0EC7A0067F283 /* FlickerSearch.xcdatamodel */;
			path = FlickerSearch.xcdatamodeld;
			sourceTree = "<group>";
			versionGroupType = wrapper.xcdatamodel;
		};
/* End XCVersionGroup section */
	};
	rootObject = 6EAAA5D924C0EC7A0067F283 /* Project object */;
}
