// !$*UTF8*$!
{
	archiveVersion = 1;
	classes = {
	};
	objectVersion = 50;
	objects = {

/* Begin PBXBuildFile section */
		6EAAA5E524C0EC7A0067F283 /* AppDelegate.swift in Sources */ = {isa = PBXBuildFile; fileRef = 6EAAA5E424C0EC7A0067F283 /* AppDelegate.swift */; };
		6EAAA5EF24C0EC7A0067F283 /* FlickerSearch.xcdatamodeld in Sources */ = {isa = PBXBuildFile; fileRef = 6EAAA5ED24C0EC7A0067F283 /* FlickerSearch.xcdatamodeld */; };
		6EAAA5F124C0EC7E0067F283 /* Assets.xcassets in Resources */ = {isa = PBXBuildFile; fileRef = 6EAAA5F024C0EC7E0067F283 /* Assets.xcassets */; };
		6EAAA5F424C0EC7E0067F283 /* LaunchScreen.storyboard in Resources */ = {isa = PBXBuildFile; fileRef = 6EAAA5F224C0EC7E0067F283 /* LaunchScreen.storyboard */; };
		6EAAA5FF24C0EC7E0067F283 /* FlickerSearchTests.swift in Sources */ = {isa = PBXBuildFile; fileRef = 6EAAA5FE24C0EC7E0067F283 /* FlickerSearchTests.swift */; };
		6EAAA60A24C0EC7E0067F283 /* FlickerSearchUITests.swift in Sources */ = {isa = PBXBuildFile; fileRef = 6EAAA60924C0EC7E0067F283 /* FlickerSearchUITests.swift */; };
/* End PBXBuildFile section */

/* Begin PBXContainerItemProxy section */
		6EAAA5FB24C0EC7E0067F283 /* PBXContainerItemProxy */ = {
			isa = PBXContainerItemProxy;
			containerPortal = 6EAAA5D924C0EC7A0067F283 /* Project object */;
			proxyType = 1;
			remoteGlobalIDString = 6EAAA5E024C0EC7A0067F283;
			remoteInfo = FlickerSearch;
		};
		6EAAA60624C0EC7E0067F283 /* PBXContainerItemProxy */ = {
			isa = PBXContainerItemProxy;
			containerPortal = 6EAAA5D924C0EC7A0067F283 /* Project object */;
			proxyType = 1;
			remoteGlobalIDString = 6EAAA5E024C0EC7A0067F283;
			remoteInfo = FlickerSearch;
		};
/* End PBXContainerItemProxy section */

/* Begin PBXFileReference section */
		6EAAA5E124C0EC7A0067F283 /* FlickerSearch.app */ = {isa = PBXFileReference; explicitFileType = wrapper.application; includeInIndex = 0; path = FlickerSearch.app; sourceTree = BUILT_PRODUCTS_DIR; };
		6EAAA5E424C0EC7A0067F283 /* AppDelegate.swift */ = {isa = PBXFileReference; lastKnownFileType = sourcecode.swift; path = AppDelegate.swift; sourceTree = "<group>"; };
		6EAAA5EE24C0EC7A0067F283 /* FlickerSearch.xcdatamodel */ = {isa = PBXFileReference; lastKnownFileType = wrapper.xcdatamodel; path = FlickerSearch.xcdatamodel; sourceTree = "<group>"; };
		6EAAA5F024C0EC7E0067F283 /* Assets.xcassets */ = {isa = PBXFileReference; lastKnownFileType = folder.assetcatalog; path = Assets.xcassets; sourceTree = "<group>"; };
		6EAAA5F324C0EC7E0067F283 /* Base */ = {isa = PBXFileReference; lastKnownFileType = file.storyboard; name = Base; path = Base.lproj/LaunchScreen.storyboard; sourceTree = "<group>"; };
		6EAAA5F524C0EC7E0067F283 /* Info.plist */ = {isa = PBXFileReference; lastKnownFileType = text.plist.xml; name = Info.plist; path = ../Info.plist; sourceTree = "<group>"; };
		6EAAA5FA24C0EC7E0067F283 /* FlickerSearchTests.xctest */ = {isa = PBXFileReference; explicitFileType = wrapper.cfbundle; includeInIndex = 0; path = FlickerSearchTests.xctest; sourceTree = BUILT_PRODUCTS_DIR; };
		6EAAA5FE24C0EC7E0067F283 /* FlickerSearchTests.swift */ = {isa = PBXFileReference; lastKnownFileType = sourcecode.swift; path = FlickerSearchTests.swift; sourceTree = "<group>"; };
		6EAAA60524C0EC7E0067F283 /* FlickerSearchUITests.xctest */ = {isa = PBXFileReference; explicitFileType = wrapper.cfbundle; includeInIndex = 0; path = FlickerSearchUITests.xctest; sourceTree = BUILT_PRODUCTS_DIR; };
		6EAAA60924C0EC7E0067F283 /* FlickerSearchUITests.swift */ = {isa = PBXFileReference; lastKnownFileType = sourcecode.swift; path = FlickerSearchUITests.swift; sourceTree = "<group>"; };
		6EAAA60B24C0EC7E0067F283 /* Info.plist */ = {isa = PBXFileReference; lastKnownFileType = text.plist.xml; path = Info.plist; sourceTree = "<group>"; };
		6EAAA62B24C0F3770067F283 /* Info.plist */ = {isa = PBXFileReference; fileEncoding = 4; lastKnownFileType = text.plist.xml; path = Info.plist; sourceTree = "<group>"; };
/* End PBXFileReference section */

/* Begin PBXFrameworksBuildPhase section */
		6EAAA5DE24C0EC7A0067F283 /* Frameworks */ = {
			isa = PBXFrameworksBuildPhase;
			buildActionMask = 2147483647;
			files = (
			);
			runOnlyForDeploymentPostprocessing = 0;
		};
		6EAAA5F724C0EC7E0067F283 /* Frameworks */ = {
			isa = PBXFrameworksBuildPhase;
			buildActionMask = 2147483647;
			files = (
			);
			runOnlyForDeploymentPostprocessing = 0;
		};
		6EAAA60224C0EC7E0067F283 /* Frameworks */ = {
			isa = PBXFrameworksBuildPhase;
			buildActionMask = 2147483647;
			files = (
			);
			runOnlyForDeploymentPostprocessing = 0;
		};
/* End PBXFrameworksBuildPhase section */

/* Begin PBXGroup section */
		6EAAA5D824C0EC7A0067F283 = {
			isa = PBXGroup;
			children = (
				6EAAA5E324C0EC7A0067F283 /* FlickerSearch */,
				6EAAA5FD24C0EC7E0067F283 /* FlickerSearchTests */,
				6EAAA60824C0EC7E0067F283 /* FlickerSearchUITests */,
				6EAAA5E224C0EC7A0067F283 /* Products */,
			);
			sourceTree = "<group>";
		};
		6EAAA5E224C0EC7A0067F283 /* Products */ = {
			isa = PBXGroup;
			children = (
				6EAAA5E124C0EC7A0067F283 /* FlickerSearch.app */,
				6EAAA5FA24C0EC7E0067F283 /* FlickerSearchTests.xctest */,
				6EAAA60524C0EC7E0067F283 /* FlickerSearchUITests.xctest */,
			);
			name = Products;
			sourceTree = "<group>";
		};
		6EAAA5E324C0EC7A0067F283 /* FlickerSearch */ = {
			isa = PBXGroup;
			children = (
				6EAAA61924C0EF4A0067F283 /* AppStartup */,
				6EAAA61A24C0EF550067F283 /* Common */,
				6EAAA61B24C0EF600067F283 /* Features */,
				6EAAA5ED24C0EC7A0067F283 /* FlickerSearch.xcdatamodeld */,
				6EAAA5F224C0EC7E0067F283 /* LaunchScreen.storyboard */,
				6EAAA61C24C0EF710067F283 /* Resources */,
			);
			path = FlickerSearch;
			sourceTree = "<group>";
		};
		6EAAA5FD24C0EC7E0067F283 /* FlickerSearchTests */ = {
			isa = PBXGroup;
			children = (
				6EAAA62B24C0F3770067F283 /* Info.plist */,
				6EAAA5FE24C0EC7E0067F283 /* FlickerSearchTests.swift */,
			);
			path = FlickerSearchTests;
			sourceTree = "<group>";
		};
		6EAAA60824C0EC7E0067F283 /* FlickerSearchUITests */ = {
			isa = PBXGroup;
			children = (
				6EAAA60924C0EC7E0067F283 /* FlickerSearchUITests.swift */,
				6EAAA60B24C0EC7E0067F283 /* Info.plist */,
			);
			path = FlickerSearchUITests;
			sourceTree = "<group>";
		};
		6EAAA61924C0EF4A0067F283 /* AppStartup */ = {
			isa = PBXGroup;
			children = (
				6EAAA5E424C0EC7A0067F283 /* AppDelegate.swift */,
				6EAAA61D24C0EFCD0067F283 /* AppNavigator */,
				6EAAA5F524C0EC7E0067F283 /* Info.plist */,
			);
			path = AppStartup;
			sourceTree = "<group>";
		};
		6EAAA61A24C0EF550067F283 /* Common */ = {
			isa = PBXGroup;
			children = (
				6EAAA62324C0F0160067F283 /* Constants */,
				6EAAA62224C0F00C0067F283 /* Extensions */,
				6EAAA62124C0EFFD0067F283 /* LocalDBManager */,
				6EAAA61E24C0EFD80067F283 /* Networking */,
				6EAAA62024C0EFED0067F283 /* ThirdParties */,
				6EAAA61F24C0EFE50067F283 /* UI */,
			);
			path = Common;
			sourceTree = "<group>";
		};
		6EAAA61B24C0EF600067F283 /* Features */ = {
			isa = PBXGroup;
			children = (
				6EAAA62724C0F0830067F283 /* Data */,
				6EAAA62824C0F08A0067F283 /* Domain */,
				6EAAA62624C0F0790067F283 /* Models */,
				6EAAA62924C0F0940067F283 /* Services */,
				6EAAA62A24C0F09B0067F283 /* UI */,
			);
			path = Features;
			sourceTree = "<group>";
		};
		6EAAA61C24C0EF710067F283 /* Resources */ = {
			isa = PBXGroup;
			children = (
				6EAAA5F024C0EC7E0067F283 /* Assets.xcassets */,
			);
			path = Resources;
			sourceTree = "<group>";
		};
		6EAAA61D24C0EFCD0067F283 /* AppNavigator */ = {
			isa = PBXGroup;
			children = (
			);
			path = AppNavigator;
			sourceTree = "<group>";
		};
		6EAAA61E24C0EFD80067F283 /* Networking */ = {
			isa = PBXGroup;
			children = (
			);
			path = Networking;
			sourceTree = "<group>";
		};
		6EAAA61F24C0EFE50067F283 /* UI */ = {
			isa = PBXGroup;
			children = (
			);
			path = UI;
			sourceTree = "<group>";
		};
		6EAAA62024C0EFED0067F283 /* ThirdParties */ = {
			isa = PBXGroup;
			children = (
			);
			path = ThirdParties;
			sourceTree = "<group>";
		};
		6EAAA62124C0EFFD0067F283 /* LocalDBManager */ = {
			isa = PBXGroup;
			children = (
			);
			path = LocalDBManager;
			sourceTree = "<group>";
		};
		6EAAA62224C0F00C0067F283 /* Extensions */ = {
			isa = PBXGroup;
			children = (
			);
			path = Extensions;
			sourceTree = "<group>";
		};
		6EAAA62324C0F0160067F283 /* Constants */ = {
			isa = PBXGroup;
			children = (
			);
			path = Constants;
			sourceTree = "<group>";
		};
		6EAAA62624C0F0790067F283 /* Models */ = {
			isa = PBXGroup;
			children = (
			);
			path = Models;
			sourceTree = "<group>";
		};
		6EAAA62724C0F0830067F283 /* Data */ = {
			isa = PBXGroup;
			children = (
			);
			path = Data;
			sourceTree = "<group>";
		};
		6EAAA62824C0F08A0067F283 /* Domain */ = {
			isa = PBXGroup;
			children = (
			);
			path = Domain;
			sourceTree = "<group>";
		};
		6EAAA62924C0F0940067F283 /* Services */ = {
			isa = PBXGroup;
			children = (
			);
			path = Services;
			sourceTree = "<group>";
		};
		6EAAA62A24C0F09B0067F283 /* UI */ = {
			isa = PBXGroup;
			children = (
			);
			path = UI;
			sourceTree = "<group>";
		};
/* End PBXGroup section */

/* Begin PBXNativeTarget section */
		6EAAA5E024C0EC7A0067F283 /* FlickerSearch */ = {
			isa = PBXNativeTarget;
			buildConfigurationList = 6EAAA60E24C0EC7E0067F283 /* Build configuration list for PBXNativeTarget "FlickerSearch" */;
			buildPhases = (
				6EAAA5DD24C0EC7A0067F283 /* Sources */,
				6EAAA5DE24C0EC7A0067F283 /* Frameworks */,
				6EAAA5DF24C0EC7A0067F283 /* Resources */,
				6EAAA61824C0EDD10067F283 /* ShellScript */,
			);
			buildRules = (
			);
			dependencies = (
			);
			name = FlickerSearch;
			productName = FlickerSearch;
			productReference = 6EAAA5E124C0EC7A0067F283 /* FlickerSearch.app */;
			productType = "com.apple.product-type.application";
		};
		6EAAA5F924C0EC7E0067F283 /* FlickerSearchTests */ = {
			isa = PBXNativeTarget;
			buildConfigurationList = 6EAAA61124C0EC7E0067F283 /* Build configuration list for PBXNativeTarget "FlickerSearchTests" */;
			buildPhases = (
				6EAAA5F624C0EC7E0067F283 /* Sources */,
				6EAAA5F724C0EC7E0067F283 /* Frameworks */,
				6EAAA5F824C0EC7E0067F283 /* Resources */,
			);
			buildRules = (
			);
			dependencies = (
				6EAAA5FC24C0EC7E0067F283 /* PBXTargetDependency */,
			);
			name = FlickerSearchTests;
			productName = FlickerSearchTests;
			productReference = 6EAAA5FA24C0EC7E0067F283 /* FlickerSearchTests.xctest */;
			productType = "com.apple.product-type.bundle.unit-test";
		};
		6EAAA60424C0EC7E0067F283 /* FlickerSearchUITests */ = {
			isa = PBXNativeTarget;
			buildConfigurationList = 6EAAA61424C0EC7E0067F283 /* Build configuration list for PBXNativeTarget "FlickerSearchUITests" */;
			buildPhases = (
				6EAAA60124C0EC7E0067F283 /* Sources */,
				6EAAA60224C0EC7E0067F283 /* Frameworks */,
				6EAAA60324C0EC7E0067F283 /* Resources */,
			);
			buildRules = (
			);
			dependencies = (
				6EAAA60724C0EC7E0067F283 /* PBXTargetDependency */,
			);
			name = FlickerSearchUITests;
			productName = FlickerSearchUITests;
			productReference = 6EAAA60524C0EC7E0067F283 /* FlickerSearchUITests.xctest */;
			productType = "com.apple.product-type.bundle.ui-testing";
		};
/* End PBXNativeTarget section */

/* Begin PBXProject section */
		6EAAA5D924C0EC7A0067F283 /* Project object */ = {
			isa = PBXProject;
			attributes = {
				LastSwiftUpdateCheck = 1150;
				LastUpgradeCheck = 1150;
				ORGANIZATIONNAME = "Abdul Basit";
				TargetAttributes = {
					6EAAA5E024C0EC7A0067F283 = {
						CreatedOnToolsVersion = 11.5;
					};
					6EAAA5F924C0EC7E0067F283 = {
						CreatedOnToolsVersion = 11.5;
						TestTargetID = 6EAAA5E024C0EC7A0067F283;
					};
					6EAAA60424C0EC7E0067F283 = {
						CreatedOnToolsVersion = 11.5;
						TestTargetID = 6EAAA5E024C0EC7A0067F283;
					};
				};
			};
			buildConfigurationList = 6EAAA5DC24C0EC7A0067F283 /* Build configuration list for PBXProject "FlickerSearch" */;
			compatibilityVersion = "Xcode 9.3";
			developmentRegion = en;
			hasScannedForEncodings = 0;
			knownRegions = (
				en,
				Base,
			);
			mainGroup = 6EAAA5D824C0EC7A0067F283;
			productRefGroup = 6EAAA5E224C0EC7A0067F283 /* Products */;
			projectDirPath = "";
			projectRoot = "";
			targets = (
				6EAAA5E024C0EC7A0067F283 /* FlickerSearch */,
				6EAAA5F924C0EC7E0067F283 /* FlickerSearchTests */,
				6EAAA60424C0EC7E0067F283 /* FlickerSearchUITests */,
			);
		};
/* End PBXProject section */

/* Begin PBXResourcesBuildPhase section */
		6EAAA5DF24C0EC7A0067F283 /* Resources */ = {
			isa = PBXResourcesBuildPhase;
			buildActionMask = 2147483647;
			files = (
				6EAAA5F424C0EC7E0067F283 /* LaunchScreen.storyboard in Resources */,
				6EAAA5F124C0EC7E0067F283 /* Assets.xcassets in Resources */,
			);
			runOnlyForDeploymentPostprocessing = 0;
		};
		6EAAA5F824C0EC7E0067F283 /* Resources */ = {
			isa = PBXResourcesBuildPhase;
			buildActionMask = 2147483647;
			files = (
			);
			runOnlyForDeploymentPostprocessing = 0;
		};
		6EAAA60324C0EC7E0067F283 /* Resources */ = {
			isa = PBXResourcesBuildPhase;
			buildActionMask = 2147483647;
			files = (
			);
			runOnlyForDeploymentPostprocessing = 0;
		};
/* End PBXResourcesBuildPhase section */

/* Begin PBXShellScriptBuildPhase section */
		6EAAA61824C0EDD10067F283 /* ShellScript */ = {
			isa = PBXShellScriptBuildPhase;
			buildActionMask = 2147483647;
			files = (
			);
			inputFileListPaths = (
			);
			inputPaths = (
			);
			outputFileListPaths = (
			);
			outputPaths = (
			);
			runOnlyForDeploymentPostprocessing = 0;
			shellPath = /bin/sh;
			shellScript = "if which swiftlint >/dev/null; then\n  swiftlint\nelse\n  echo \"warning: SwiftLint not installed, download from https://github.com/realm/SwiftLint\"\nfi\n";
		};
/* End PBXShellScriptBuildPhase section */

/* Begin PBXSourcesBuildPhase section */
		6EAAA5DD24C0EC7A0067F283 /* Sources */ = {
			isa = PBXSourcesBuildPhase;
			buildActionMask = 2147483647;
			files = (
				6EAAA5EF24C0EC7A0067F283 /* FlickerSearch.xcdatamodeld in Sources */,
				6EAAA5E524C0EC7A0067F283 /* AppDelegate.swift in Sources */,
			);
			runOnlyForDeploymentPostprocessing = 0;
		};
		6EAAA5F624C0EC7E0067F283 /* Sources */ = {
			isa = PBXSourcesBuildPhase;
			buildActionMask = 2147483647;
			files = (
				6EAAA5FF24C0EC7E0067F283 /* FlickerSearchTests.swift in Sources */,
			);
			runOnlyForDeploymentPostprocessing = 0;
		};
		6EAAA60124C0EC7E0067F283 /* Sources */ = {
			isa = PBXSourcesBuildPhase;
			buildActionMask = 2147483647;
			files = (
				6EAAA60A24C0EC7E0067F283 /* FlickerSearchUITests.swift in Sources */,
			);
			runOnlyForDeploymentPostprocessing = 0;
		};
/* End PBXSourcesBuildPhase section */

/* Begin PBXTargetDependency section */
		6EAAA5FC24C0EC7E0067F283 /* PBXTargetDependency */ = {
			isa = PBXTargetDependency;
			target = 6EAAA5E024C0EC7A0067F283 /* FlickerSearch */;
			targetProxy = 6EAAA5FB24C0EC7E0067F283 /* PBXContainerItemProxy */;
		};
		6EAAA60724C0EC7E0067F283 /* PBXTargetDependency */ = {
			isa = PBXTargetDependency;
			target = 6EAAA5E024C0EC7A0067F283 /* FlickerSearch */;
			targetProxy = 6EAAA60624C0EC7E0067F283 /* PBXContainerItemProxy */;
		};
/* End PBXTargetDependency section */

/* Begin PBXVariantGroup section */
		6EAAA5F224C0EC7E0067F283 /* LaunchScreen.storyboard */ = {
			isa = PBXVariantGroup;
			children = (
				6EAAA5F324C0EC7E0067F283 /* Base */,
			);
			name = LaunchScreen.storyboard;
			sourceTree = "<group>";
		};
/* End PBXVariantGroup section */

/* Begin XCBuildConfiguration section */
		6EAAA60C24C0EC7E0067F283 /* Debug */ = {
			isa = XCBuildConfiguration;
			buildSettings = {
				ALWAYS_SEARCH_USER_PATHS = NO;
				CLANG_ANALYZER_NONNULL = YES;
				CLANG_ANALYZER_NUMBER_OBJECT_CONVERSION = YES_AGGRESSIVE;
				CLANG_CXX_LANGUAGE_STANDARD = "gnu++14";
				CLANG_CXX_LIBRARY = "libc++";
				CLANG_ENABLE_MODULES = YES;
				CLANG_ENABLE_OBJC_ARC = YES;
				CLANG_ENABLE_OBJC_WEAK = YES;
				CLANG_WARN_BLOCK_CAPTURE_AUTORELEASING = YES;
				CLANG_WARN_BOOL_CONVERSION = YES;
				CLANG_WARN_COMMA = YES;
				CLANG_WARN_CONSTANT_CONVERSION = YES;
				CLANG_WARN_DEPRECATED_OBJC_IMPLEMENTATIONS = YES;
				CLANG_WARN_DIRECT_OBJC_ISA_USAGE = YES_ERROR;
				CLANG_WARN_DOCUMENTATION_COMMENTS = YES;
				CLANG_WARN_EMPTY_BODY = YES;
				CLANG_WARN_ENUM_CONVERSION = YES;
				CLANG_WARN_INFINITE_RECURSION = YES;
				CLANG_WARN_INT_CONVERSION = YES;
				CLANG_WARN_NON_LITERAL_NULL_CONVERSION = YES;
				CLANG_WARN_OBJC_IMPLICIT_RETAIN_SELF = YES;
				CLANG_WARN_OBJC_LITERAL_CONVERSION = YES;
				CLANG_WARN_OBJC_ROOT_CLASS = YES_ERROR;
				CLANG_WARN_RANGE_LOOP_ANALYSIS = YES;
				CLANG_WARN_STRICT_PROTOTYPES = YES;
				CLANG_WARN_SUSPICIOUS_MOVE = YES;
				CLANG_WARN_UNGUARDED_AVAILABILITY = YES_AGGRESSIVE;
				CLANG_WARN_UNREACHABLE_CODE = YES;
				CLANG_WARN__DUPLICATE_METHOD_MATCH = YES;
				COPY_PHASE_STRIP = NO;
				DEBUG_INFORMATION_FORMAT = dwarf;
				ENABLE_STRICT_OBJC_MSGSEND = YES;
				ENABLE_TESTABILITY = YES;
				GCC_C_LANGUAGE_STANDARD = gnu11;
				GCC_DYNAMIC_NO_PIC = NO;
				GCC_NO_COMMON_BLOCKS = YES;
				GCC_OPTIMIZATION_LEVEL = 0;
				GCC_PREPROCESSOR_DEFINITIONS = (
					"DEBUG=1",
					"$(inherited)",
				);
				GCC_WARN_64_TO_32_BIT_CONVERSION = YES;
				GCC_WARN_ABOUT_RETURN_TYPE = YES_ERROR;
				GCC_WARN_UNDECLARED_SELECTOR = YES;
				GCC_WARN_UNINITIALIZED_AUTOS = YES_AGGRESSIVE;
				GCC_WARN_UNUSED_FUNCTION = YES;
				GCC_WARN_UNUSED_VARIABLE = YES;
				IPHONEOS_DEPLOYMENT_TARGET = 13.5;
				MTL_ENABLE_DEBUG_INFO = INCLUDE_SOURCE;
				MTL_FAST_MATH = YES;
				ONLY_ACTIVE_ARCH = YES;
				SDKROOT = iphoneos;
				SWIFT_ACTIVE_COMPILATION_CONDITIONS = DEBUG;
				SWIFT_OPTIMIZATION_LEVEL = "-Onone";
			};
			name = Debug;
		};
		6EAAA60D24C0EC7E0067F283 /* Release */ = {
			isa = XCBuildConfiguration;
			buildSettings = {
				ALWAYS_SEARCH_USER_PATHS = NO;
				CLANG_ANALYZER_NONNULL = YES;
				CLANG_ANALYZER_NUMBER_OBJECT_CONVERSION = YES_AGGRESSIVE;
				CLANG_CXX_LANGUAGE_STANDARD = "gnu++14";
				CLANG_CXX_LIBRARY = "libc++";
				CLANG_ENABLE_MODULES = YES;
				CLANG_ENABLE_OBJC_ARC = YES;
				CLANG_ENABLE_OBJC_WEAK = YES;
				CLANG_WARN_BLOCK_CAPTURE_AUTORELEASING = YES;
				CLANG_WARN_BOOL_CONVERSION = YES;
				CLANG_WARN_COMMA = YES;
				CLANG_WARN_CONSTANT_CONVERSION = YES;
				CLANG_WARN_DEPRECATED_OBJC_IMPLEMENTATIONS = YES;
				CLANG_WARN_DIRECT_OBJC_ISA_USAGE = YES_ERROR;
				CLANG_WARN_DOCUMENTATION_COMMENTS = YES;
				CLANG_WARN_EMPTY_BODY = YES;
				CLANG_WARN_ENUM_CONVERSION = YES;
				CLANG_WARN_INFINITE_RECURSION = YES;
				CLANG_WARN_INT_CONVERSION = YES;
				CLANG_WARN_NON_LITERAL_NULL_CONVERSION = YES;
				CLANG_WARN_OBJC_IMPLICIT_RETAIN_SELF = YES;
				CLANG_WARN_OBJC_LITERAL_CONVERSION = YES;
				CLANG_WARN_OBJC_ROOT_CLASS = YES_ERROR;
				CLANG_WARN_RANGE_LOOP_ANALYSIS = YES;
				CLANG_WARN_STRICT_PROTOTYPES = YES;
				CLANG_WARN_SUSPICIOUS_MOVE = YES;
				CLANG_WARN_UNGUARDED_AVAILABILITY = YES_AGGRESSIVE;
				CLANG_WARN_UNREACHABLE_CODE = YES;
				CLANG_WARN__DUPLICATE_METHOD_MATCH = YES;
				COPY_PHASE_STRIP = NO;
				DEBUG_INFORMATION_FORMAT = "dwarf-with-dsym";
				ENABLE_NS_ASSERTIONS = NO;
				ENABLE_STRICT_OBJC_MSGSEND = YES;
				GCC_C_LANGUAGE_STANDARD = gnu11;
				GCC_NO_COMMON_BLOCKS = YES;
				GCC_WARN_64_TO_32_BIT_CONVERSION = YES;
				GCC_WARN_ABOUT_RETURN_TYPE = YES_ERROR;
				GCC_WARN_UNDECLARED_SELECTOR = YES;
				GCC_WARN_UNINITIALIZED_AUTOS = YES_AGGRESSIVE;
				GCC_WARN_UNUSED_FUNCTION = YES;
				GCC_WARN_UNUSED_VARIABLE = YES;
				IPHONEOS_DEPLOYMENT_TARGET = 13.5;
				MTL_ENABLE_DEBUG_INFO = NO;
				MTL_FAST_MATH = YES;
				SDKROOT = iphoneos;
				SWIFT_COMPILATION_MODE = wholemodule;
				SWIFT_OPTIMIZATION_LEVEL = "-O";
				VALIDATE_PRODUCT = YES;
			};
			name = Release;
		};
		6EAAA60F24C0EC7E0067F283 /* Debug */ = {
			isa = XCBuildConfiguration;
			buildSettings = {
				ASSETCATALOG_COMPILER_APPICON_NAME = AppIcon;
				CODE_SIGN_STYLE = Automatic;
				INFOPLIST_FILE = FlickerSearch/Info.plist;
				LD_RUNPATH_SEARCH_PATHS = (
					"$(inherited)",
					"@executable_path/Frameworks",
				);
				PRODUCT_BUNDLE_IDENTIFIER = com.app.FlickerSearch;
				PRODUCT_NAME = "$(TARGET_NAME)";
				SWIFT_VERSION = 5.0;
				TARGETED_DEVICE_FAMILY = "1,2";
			};
			name = Debug;
		};
		6EAAA61024C0EC7E0067F283 /* Release */ = {
			isa = XCBuildConfiguration;
			buildSettings = {
				ASSETCATALOG_COMPILER_APPICON_NAME = AppIcon;
				CODE_SIGN_STYLE = Automatic;
				INFOPLIST_FILE = FlickerSearch/Info.plist;
				LD_RUNPATH_SEARCH_PATHS = (
					"$(inherited)",
					"@executable_path/Frameworks",
				);
				PRODUCT_BUNDLE_IDENTIFIER = com.app.FlickerSearch;
				PRODUCT_NAME = "$(TARGET_NAME)";
				SWIFT_VERSION = 5.0;
				TARGETED_DEVICE_FAMILY = "1,2";
			};
			name = Release;
		};
		6EAAA61224C0EC7E0067F283 /* Debug */ = {
			isa = XCBuildConfiguration;
			buildSettings = {
				ALWAYS_EMBED_SWIFT_STANDARD_LIBRARIES = YES;
				BUNDLE_LOADER = "$(TEST_HOST)";
				CODE_SIGN_STYLE = Automatic;
				INFOPLIST_FILE = FlickerSearchTests/Info.plist;
				IPHONEOS_DEPLOYMENT_TARGET = 13.5;
				LD_RUNPATH_SEARCH_PATHS = (
					"$(inherited)",
					"@executable_path/Frameworks",
					"@loader_path/Frameworks",
				);
				PRODUCT_BUNDLE_IDENTIFIER = com.flickr.search.FlickerSearchTests;
				PRODUCT_NAME = "$(TARGET_NAME)";
				SWIFT_VERSION = 5.0;
				TARGETED_DEVICE_FAMILY = "1,2";
				TEST_HOST = "$(BUILT_PRODUCTS_DIR)/FlickerSearch.app/FlickerSearch";
			};
			name = Debug;
		};
		6EAAA61324C0EC7E0067F283 /* Release */ = {
			isa = XCBuildConfiguration;
			buildSettings = {
				ALWAYS_EMBED_SWIFT_STANDARD_LIBRARIES = YES;
				BUNDLE_LOADER = "$(TEST_HOST)";
				CODE_SIGN_STYLE = Automatic;
				INFOPLIST_FILE = FlickerSearchTests/Info.plist;
				IPHONEOS_DEPLOYMENT_TARGET = 13.5;
				LD_RUNPATH_SEARCH_PATHS = (
					"$(inherited)",
					"@executable_path/Frameworks",
					"@loader_path/Frameworks",
				);
				PRODUCT_BUNDLE_IDENTIFIER = com.flickr.search.FlickerSearchTests;
				PRODUCT_NAME = "$(TARGET_NAME)";
				SWIFT_VERSION = 5.0;
				TARGETED_DEVICE_FAMILY = "1,2";
				TEST_HOST = "$(BUILT_PRODUCTS_DIR)/FlickerSearch.app/FlickerSearch";
			};
			name = Release;
		};
		6EAAA61524C0EC7E0067F283 /* Debug */ = {
			isa = XCBuildConfiguration;
			buildSettings = {
				ALWAYS_EMBED_SWIFT_STANDARD_LIBRARIES = YES;
				CODE_SIGN_STYLE = Automatic;
				INFOPLIST_FILE = FlickerSearchUITests/Info.plist;
				LD_RUNPATH_SEARCH_PATHS = (
					"$(inherited)",
					"@executable_path/Frameworks",
					"@loader_path/Frameworks",
				);
				PRODUCT_BUNDLE_IDENTIFIER = com.flickr.search.FlickerSearchUITests;
				PRODUCT_NAME = "$(TARGET_NAME)";
				SWIFT_VERSION = 5.0;
				TARGETED_DEVICE_FAMILY = "1,2";
				TEST_TARGET_NAME = FlickerSearch;
			};
			name = Debug;
		};
		6EAAA61624C0EC7E0067F283 /* Release */ = {
			isa = XCBuildConfiguration;
			buildSettings = {
				ALWAYS_EMBED_SWIFT_STANDARD_LIBRARIES = YES;
				CODE_SIGN_STYLE = Automatic;
				INFOPLIST_FILE = FlickerSearchUITests/Info.plist;
				LD_RUNPATH_SEARCH_PATHS = (
					"$(inherited)",
					"@executable_path/Frameworks",
					"@loader_path/Frameworks",
				);
				PRODUCT_BUNDLE_IDENTIFIER = com.flickr.search.FlickerSearchUITests;
				PRODUCT_NAME = "$(TARGET_NAME)";
				SWIFT_VERSION = 5.0;
				TARGETED_DEVICE_FAMILY = "1,2";
				TEST_TARGET_NAME = FlickerSearch;
			};
			name = Release;
		};
/* End XCBuildConfiguration section */

/* Begin XCConfigurationList section */
		6EAAA5DC24C0EC7A0067F283 /* Build configuration list for PBXProject "FlickerSearch" */ = {
			isa = XCConfigurationList;
			buildConfigurations = (
				6EAAA60C24C0EC7E0067F283 /* Debug */,
				6EAAA60D24C0EC7E0067F283 /* Release */,
			);
			defaultConfigurationIsVisible = 0;
			defaultConfigurationName = Release;
		};
		6EAAA60E24C0EC7E0067F283 /* Build configuration list for PBXNativeTarget "FlickerSearch" */ = {
			isa = XCConfigurationList;
			buildConfigurations = (
				6EAAA60F24C0EC7E0067F283 /* Debug */,
				6EAAA61024C0EC7E0067F283 /* Release */,
			);
			defaultConfigurationIsVisible = 0;
			defaultConfigurationName = Release;
		};
		6EAAA61124C0EC7E0067F283 /* Build configuration list for PBXNativeTarget "FlickerSearchTests" */ = {
			isa = XCConfigurationList;
			buildConfigurations = (
				6EAAA61224C0EC7E0067F283 /* Debug */,
				6EAAA61324C0EC7E0067F283 /* Release */,
			);
			defaultConfigurationIsVisible = 0;
			defaultConfigurationName = Release;
		};
		6EAAA61424C0EC7E0067F283 /* Build configuration list for PBXNativeTarget "FlickerSearchUITests" */ = {
			isa = XCConfigurationList;
			buildConfigurations = (
				6EAAA61524C0EC7E0067F283 /* Debug */,
				6EAAA61624C0EC7E0067F283 /* Release */,
			);
			defaultConfigurationIsVisible = 0;
			defaultConfigurationName = Release;
		};
/* End XCConfigurationList section */

/* Begin XCVersionGroup section */
		6EAAA5ED24C0EC7A0067F283 /* FlickerSearch.xcdatamodeld */ = {
			isa = XCVersionGroup;
			children = (
				6EAAA5EE24C0EC7A0067F283 /* FlickerSearch.xcdatamodel */,
			);
			currentVersion = 6EAAA5EE24C0EC7A0067F283 /* FlickerSearch.xcdatamodel */;
			path = FlickerSearch.xcdatamodeld;
			sourceTree = "<group>";
			versionGroupType = wrapper.xcdatamodel;
		};
/* End XCVersionGroup section */
	};
	rootObject = 6EAAA5D924C0EC7A0067F283 /* Project object */;
}
